
Microsoft Visual Studio Solution File, Format Version 12.00
# Visual Studio Version 16
VisualStudioVersion = 16.0.29709.97
MinimumVisualStudioVersion = 15.0.26124.0
Project("{F2A71F9B-5D33-465A-A702-920D77279786}") = "Thoth.Json", "src\Thoth.Json.fsproj", "{B967432B-CE16-480B-B364-B5A6B18AB3DC}"
EndProject
Project("{F2A71F9B-5D33-465A-A702-920D77279786}") = "Tests.Thoth.Json.FableRuntime", "tests\Tests.Thoth.Json.FableRuntime.fsproj", "{77152A74-CFC7-437C-9415-3FC1F3593DA0}"
EndProject
Project("{F2A71F9B-5D33-465A-A702-920D77279786}") = "Tests.Thoth.Json.NetRuntime", "tests\Tests.Thoth.Json.NetRuntime.fsproj", "{BC1BD8D5-D518-4C04-89D9-9E62A932D5E6}"
EndProject
Project("{F2A71F9B-5D33-465A-A702-920D77279786}") = "Thoth.Json.FableRuntime", "src\Thoth.Json.FableRuntime.fsproj", "{4C938BA5-EF95-4BB0-B1B5-C04F188DB17E}"
EndProject
Global
	GlobalSection(SolutionConfigurationPlatforms) = preSolution
		Debug|Any CPU = Debug|Any CPU
		Debug|x64 = Debug|x64
		Debug|x86 = Debug|x86
		Release|Any CPU = Release|Any CPU
		Release|x64 = Release|x64
		Release|x86 = Release|x86
	EndGlobalSection
	GlobalSection(ProjectConfigurationPlatforms) = postSolution
		{B967432B-CE16-480B-B364-B5A6B18AB3DC}.Debug|Any CPU.ActiveCfg = Debug|Any CPU
		{B967432B-CE16-480B-B364-B5A6B18AB3DC}.Debug|Any CPU.Build.0 = Debug|Any CPU
		{B967432B-CE16-480B-B364-B5A6B18AB3DC}.Debug|x64.ActiveCfg = Debug|Any CPU
		{B967432B-CE16-480B-B364-B5A6B18AB3DC}.Debug|x64.Build.0 = Debug|Any CPU
		{B967432B-CE16-480B-B364-B5A6B18AB3DC}.Debug|x86.ActiveCfg = Debug|Any CPU
		{B967432B-CE16-480B-B364-B5A6B18AB3DC}.Debug|x86.Build.0 = Debug|Any CPU
		{B967432B-CE16-480B-B364-B5A6B18AB3DC}.Release|Any CPU.ActiveCfg = Release|Any CPU
		{B967432B-CE16-480B-B364-B5A6B18AB3DC}.Release|Any CPU.Build.0 = Release|Any CPU
		{B967432B-CE16-480B-B364-B5A6B18AB3DC}.Release|x64.ActiveCfg = Release|Any CPU
		{B967432B-CE16-480B-B364-B5A6B18AB3DC}.Release|x64.Build.0 = Release|Any CPU
		{B967432B-CE16-480B-B364-B5A6B18AB3DC}.Release|x86.ActiveCfg = Release|Any CPU
		{B967432B-CE16-480B-B364-B5A6B18AB3DC}.Release|x86.Build.0 = Release|Any CPU
		{77152A74-CFC7-437C-9415-3FC1F3593DA0}.Debug|Any CPU.ActiveCfg = Debug|Any CPU
		{77152A74-CFC7-437C-9415-3FC1F3593DA0}.Debug|Any CPU.Build.0 = Debug|Any CPU
		{77152A74-CFC7-437C-9415-3FC1F3593DA0}.Debug|x64.ActiveCfg = Debug|Any CPU
		{77152A74-CFC7-437C-9415-3FC1F3593DA0}.Debug|x64.Build.0 = Debug|Any CPU
		{77152A74-CFC7-437C-9415-3FC1F3593DA0}.Debug|x86.ActiveCfg = Debug|Any CPU
		{77152A74-CFC7-437C-9415-3FC1F3593DA0}.Debug|x86.Build.0 = Debug|Any CPU
		{77152A74-CFC7-437C-9415-3FC1F3593DA0}.Release|Any CPU.ActiveCfg = Release|Any CPU
		{77152A74-CFC7-437C-9415-3FC1F3593DA0}.Release|Any CPU.Build.0 = Release|Any CPU
		{77152A74-CFC7-437C-9415-3FC1F3593DA0}.Release|x64.ActiveCfg = Release|Any CPU
		{77152A74-CFC7-437C-9415-3FC1F3593DA0}.Release|x64.Build.0 = Release|Any CPU
		{77152A74-CFC7-437C-9415-3FC1F3593DA0}.Release|x86.ActiveCfg = Release|Any CPU
		{77152A74-CFC7-437C-9415-3FC1F3593DA0}.Release|x86.Build.0 = Release|Any CPU
		{BC1BD8D5-D518-4C04-89D9-9E62A932D5E6}.Debug|Any CPU.ActiveCfg = Debug|Any CPU
		{BC1BD8D5-D518-4C04-89D9-9E62A932D5E6}.Debug|Any CPU.Build.0 = Debug|Any CPU
		{BC1BD8D5-D518-4C04-89D9-9E62A932D5E6}.Debug|x64.ActiveCfg = Debug|Any CPU
		{BC1BD8D5-D518-4C04-89D9-9E62A932D5E6}.Debug|x64.Build.0 = Debug|Any CPU
		{BC1BD8D5-D518-4C04-89D9-9E62A932D5E6}.Debug|x86.ActiveCfg = Debug|Any CPU
		{BC1BD8D5-D518-4C04-89D9-9E62A932D5E6}.Debug|x86.Build.0 = Debug|Any CPU
		{BC1BD8D5-D518-4C04-89D9-9E62A932D5E6}.Release|Any CPU.ActiveCfg = Release|Any CPU
		{BC1BD8D5-D518-4C04-89D9-9E62A932D5E6}.Release|Any CPU.Build.0 = Release|Any CPU
		{BC1BD8D5-D518-4C04-89D9-9E62A932D5E6}.Release|x64.ActiveCfg = Release|Any CPU
		{BC1BD8D5-D518-4C04-89D9-9E62A932D5E6}.Release|x64.Build.0 = Release|Any CPU
		{BC1BD8D5-D518-4C04-89D9-9E62A932D5E6}.Release|x86.ActiveCfg = Release|Any CPU
		{BC1BD8D5-D518-4C04-89D9-9E62A932D5E6}.Release|x86.Build.0 = Release|Any CPU
		{4C938BA5-EF95-4BB0-B1B5-C04F188DB17E}.Debug|Any CPU.ActiveCfg = Debug|Any CPU
		{4C938BA5-EF95-4BB0-B1B5-C04F188DB17E}.Debug|Any CPU.Build.0 = Debug|Any CPU
		{4C938BA5-EF95-4BB0-B1B5-C04F188DB17E}.Debug|x64.ActiveCfg = Debug|Any CPU
		{4C938BA5-EF95-4BB0-B1B5-C04F188DB17E}.Debug|x64.Build.0 = Debug|Any CPU
		{4C938BA5-EF95-4BB0-B1B5-C04F188DB17E}.Debug|x86.ActiveCfg = Debug|Any CPU
		{4C938BA5-EF95-4BB0-B1B5-C04F188DB17E}.Debug|x86.Build.0 = Debug|Any CPU
		{4C938BA5-EF95-4BB0-B1B5-C04F188DB17E}.Release|Any CPU.ActiveCfg = Release|Any CPU
		{4C938BA5-EF95-4BB0-B1B5-C04F188DB17E}.Release|Any CPU.Build.0 = Release|Any CPU
		{4C938BA5-EF95-4BB0-B1B5-C04F188DB17E}.Release|x64.ActiveCfg = Release|Any CPU
		{4C938BA5-EF95-4BB0-B1B5-C04F188DB17E}.Release|x64.Build.0 = Release|Any CPU
		{4C938BA5-EF95-4BB0-B1B5-C04F188DB17E}.Release|x86.ActiveCfg = Release|Any CPU
		{4C938BA5-EF95-4BB0-B1B5-C04F188DB17E}.Release|x86.Build.0 = Release|Any CPU
	EndGlobalSection
	GlobalSection(SolutionProperties) = preSolution
		HideSolutionNode = FALSE
	EndGlobalSection
	GlobalSection(NestedProjects) = preSolution
	EndGlobalSection
	GlobalSection(ExtensibilityGlobals) = postSolution
		SolutionGuid = {138D696D-3E83-4254-99CF-C6A0675E97E7}
	EndGlobalSection
EndGlobal
