
Microsoft Visual Studio Solution File, Format Version 12.00
# Visual Studio 15
VisualStudioVersion = 15.0.26124.0
MinimumVisualStudioVersion = 15.0.26124.0
Project("{F2A71F9B-5D33-465A-A702-920D77279786}") = "Thoth.Json", "src\Thoth.Json.fsproj", "{E4905A84-E416-47B4-8BFB-BB02446B74EE}"
EndProject
Project("{2150E333-8FDC-42A3-9474-1A3956D46DE8}") = "packages", "packages", "{D009BA72-08B7-4F6A-987D-806FFB01AE88}"
EndProject
Project("{F2A71F9B-5D33-465A-A702-920D77279786}") = "Thoth.Json.Core", "packages\Thoth.Json.Core\Thoth.Json.Core.fsproj", "{89A13A89-F215-4A35-B5BD-CAB48BAAF72F}"
EndProject
Project("{F2A71F9B-5D33-465A-A702-920D77279786}") = "Thoth.Json.JavaScript", "packages\Thoth.Json.JavaScript\Thoth.Json.JavaScript.fsproj", "{2C32D617-5593-45ED-AEC6-DCB8AD234FD2}"
EndProject
Project("{F2A71F9B-5D33-465A-A702-920D77279786}") = "Thoth.Json.Newtonsoft", "packages\Thoth.Json.Newtonsoft\Thoth.Json.Newtonsoft.fsproj", "{3BEDF8A8-521A-4434-A32B-1A847E9205F7}"
EndProject
Project("{F2A71F9B-5D33-465A-A702-920D77279786}") = "Prototype.Shared", "packages\Prototype.Shared\Prototype.Shared.fsproj", "{0FDDC376-8B73-43C8-B0B1-4665CAAF5238}"
EndProject
Project("{F2A71F9B-5D33-465A-A702-920D77279786}") = "Prototype.JavaScript", "packages\Prototype.JavaScript\Prototype.JavaScript.fsproj", "{D04F052E-C557-4F61-8FAB-D2A35B0C8D67}"
EndProject
Project("{F2A71F9B-5D33-465A-A702-920D77279786}") = "Prototype.DotNet", "packages\Prototype.DotNet\Prototype.DotNet.fsproj", "{BF33FC29-2FBD-4DBC-97D7-9CF207130908}"
EndProject
Project("{F2A71F9B-5D33-465A-A702-920D77279786}") = "Thoth.Json.JavaScript.Tests", "tests\Thoth.Json.JavaScript.Tests.fsproj", "{34DED59E-B475-41B5-9633-EE580C967BAB}"
EndProject
Global
	GlobalSection(SolutionConfigurationPlatforms) = preSolution
		Debug|Any CPU = Debug|Any CPU
		Debug|x64 = Debug|x64
		Debug|x86 = Debug|x86
		Release|Any CPU = Release|Any CPU
		Release|x64 = Release|x64
		Release|x86 = Release|x86
	EndGlobalSection
	GlobalSection(SolutionProperties) = preSolution
		HideSolutionNode = FALSE
	EndGlobalSection
	GlobalSection(ProjectConfigurationPlatforms) = postSolution
		{E4905A84-E416-47B4-8BFB-BB02446B74EE}.Debug|Any CPU.ActiveCfg = Debug|Any CPU
		{E4905A84-E416-47B4-8BFB-BB02446B74EE}.Debug|Any CPU.Build.0 = Debug|Any CPU
		{E4905A84-E416-47B4-8BFB-BB02446B74EE}.Debug|x64.ActiveCfg = Debug|Any CPU
		{E4905A84-E416-47B4-8BFB-BB02446B74EE}.Debug|x64.Build.0 = Debug|Any CPU
		{E4905A84-E416-47B4-8BFB-BB02446B74EE}.Debug|x86.ActiveCfg = Debug|Any CPU
		{E4905A84-E416-47B4-8BFB-BB02446B74EE}.Debug|x86.Build.0 = Debug|Any CPU
		{E4905A84-E416-47B4-8BFB-BB02446B74EE}.Release|Any CPU.ActiveCfg = Release|Any CPU
		{E4905A84-E416-47B4-8BFB-BB02446B74EE}.Release|Any CPU.Build.0 = Release|Any CPU
		{E4905A84-E416-47B4-8BFB-BB02446B74EE}.Release|x64.ActiveCfg = Release|Any CPU
		{E4905A84-E416-47B4-8BFB-BB02446B74EE}.Release|x64.Build.0 = Release|Any CPU
		{E4905A84-E416-47B4-8BFB-BB02446B74EE}.Release|x86.ActiveCfg = Release|Any CPU
		{E4905A84-E416-47B4-8BFB-BB02446B74EE}.Release|x86.Build.0 = Release|Any CPU
		{89A13A89-F215-4A35-B5BD-CAB48BAAF72F}.Debug|Any CPU.ActiveCfg = Debug|Any CPU
		{89A13A89-F215-4A35-B5BD-CAB48BAAF72F}.Debug|Any CPU.Build.0 = Debug|Any CPU
		{89A13A89-F215-4A35-B5BD-CAB48BAAF72F}.Debug|x64.ActiveCfg = Debug|Any CPU
		{89A13A89-F215-4A35-B5BD-CAB48BAAF72F}.Debug|x64.Build.0 = Debug|Any CPU
		{89A13A89-F215-4A35-B5BD-CAB48BAAF72F}.Debug|x86.ActiveCfg = Debug|Any CPU
		{89A13A89-F215-4A35-B5BD-CAB48BAAF72F}.Debug|x86.Build.0 = Debug|Any CPU
		{89A13A89-F215-4A35-B5BD-CAB48BAAF72F}.Release|Any CPU.ActiveCfg = Release|Any CPU
		{89A13A89-F215-4A35-B5BD-CAB48BAAF72F}.Release|Any CPU.Build.0 = Release|Any CPU
		{89A13A89-F215-4A35-B5BD-CAB48BAAF72F}.Release|x64.ActiveCfg = Release|Any CPU
		{89A13A89-F215-4A35-B5BD-CAB48BAAF72F}.Release|x64.Build.0 = Release|Any CPU
		{89A13A89-F215-4A35-B5BD-CAB48BAAF72F}.Release|x86.ActiveCfg = Release|Any CPU
		{89A13A89-F215-4A35-B5BD-CAB48BAAF72F}.Release|x86.Build.0 = Release|Any CPU
		{2C32D617-5593-45ED-AEC6-DCB8AD234FD2}.Debug|Any CPU.ActiveCfg = Debug|Any CPU
		{2C32D617-5593-45ED-AEC6-DCB8AD234FD2}.Debug|Any CPU.Build.0 = Debug|Any CPU
		{2C32D617-5593-45ED-AEC6-DCB8AD234FD2}.Debug|x64.ActiveCfg = Debug|Any CPU
		{2C32D617-5593-45ED-AEC6-DCB8AD234FD2}.Debug|x64.Build.0 = Debug|Any CPU
		{2C32D617-5593-45ED-AEC6-DCB8AD234FD2}.Debug|x86.ActiveCfg = Debug|Any CPU
		{2C32D617-5593-45ED-AEC6-DCB8AD234FD2}.Debug|x86.Build.0 = Debug|Any CPU
		{2C32D617-5593-45ED-AEC6-DCB8AD234FD2}.Release|Any CPU.ActiveCfg = Release|Any CPU
		{2C32D617-5593-45ED-AEC6-DCB8AD234FD2}.Release|Any CPU.Build.0 = Release|Any CPU
		{2C32D617-5593-45ED-AEC6-DCB8AD234FD2}.Release|x64.ActiveCfg = Release|Any CPU
		{2C32D617-5593-45ED-AEC6-DCB8AD234FD2}.Release|x64.Build.0 = Release|Any CPU
		{2C32D617-5593-45ED-AEC6-DCB8AD234FD2}.Release|x86.ActiveCfg = Release|Any CPU
		{2C32D617-5593-45ED-AEC6-DCB8AD234FD2}.Release|x86.Build.0 = Release|Any CPU
		{3BEDF8A8-521A-4434-A32B-1A847E9205F7}.Debug|Any CPU.ActiveCfg = Debug|Any CPU
		{3BEDF8A8-521A-4434-A32B-1A847E9205F7}.Debug|Any CPU.Build.0 = Debug|Any CPU
		{3BEDF8A8-521A-4434-A32B-1A847E9205F7}.Debug|x64.ActiveCfg = Debug|Any CPU
		{3BEDF8A8-521A-4434-A32B-1A847E9205F7}.Debug|x64.Build.0 = Debug|Any CPU
		{3BEDF8A8-521A-4434-A32B-1A847E9205F7}.Debug|x86.ActiveCfg = Debug|Any CPU
		{3BEDF8A8-521A-4434-A32B-1A847E9205F7}.Debug|x86.Build.0 = Debug|Any CPU
		{3BEDF8A8-521A-4434-A32B-1A847E9205F7}.Release|Any CPU.ActiveCfg = Release|Any CPU
		{3BEDF8A8-521A-4434-A32B-1A847E9205F7}.Release|Any CPU.Build.0 = Release|Any CPU
		{3BEDF8A8-521A-4434-A32B-1A847E9205F7}.Release|x64.ActiveCfg = Release|Any CPU
		{3BEDF8A8-521A-4434-A32B-1A847E9205F7}.Release|x64.Build.0 = Release|Any CPU
		{3BEDF8A8-521A-4434-A32B-1A847E9205F7}.Release|x86.ActiveCfg = Release|Any CPU
		{3BEDF8A8-521A-4434-A32B-1A847E9205F7}.Release|x86.Build.0 = Release|Any CPU
		{0FDDC376-8B73-43C8-B0B1-4665CAAF5238}.Debug|Any CPU.ActiveCfg = Debug|Any CPU
		{0FDDC376-8B73-43C8-B0B1-4665CAAF5238}.Debug|Any CPU.Build.0 = Debug|Any CPU
		{0FDDC376-8B73-43C8-B0B1-4665CAAF5238}.Debug|x64.ActiveCfg = Debug|Any CPU
		{0FDDC376-8B73-43C8-B0B1-4665CAAF5238}.Debug|x64.Build.0 = Debug|Any CPU
		{0FDDC376-8B73-43C8-B0B1-4665CAAF5238}.Debug|x86.ActiveCfg = Debug|Any CPU
		{0FDDC376-8B73-43C8-B0B1-4665CAAF5238}.Debug|x86.Build.0 = Debug|Any CPU
		{0FDDC376-8B73-43C8-B0B1-4665CAAF5238}.Release|Any CPU.ActiveCfg = Release|Any CPU
		{0FDDC376-8B73-43C8-B0B1-4665CAAF5238}.Release|Any CPU.Build.0 = Release|Any CPU
		{0FDDC376-8B73-43C8-B0B1-4665CAAF5238}.Release|x64.ActiveCfg = Release|Any CPU
		{0FDDC376-8B73-43C8-B0B1-4665CAAF5238}.Release|x64.Build.0 = Release|Any CPU
		{0FDDC376-8B73-43C8-B0B1-4665CAAF5238}.Release|x86.ActiveCfg = Release|Any CPU
		{0FDDC376-8B73-43C8-B0B1-4665CAAF5238}.Release|x86.Build.0 = Release|Any CPU
		{D04F052E-C557-4F61-8FAB-D2A35B0C8D67}.Debug|Any CPU.ActiveCfg = Debug|Any CPU
		{D04F052E-C557-4F61-8FAB-D2A35B0C8D67}.Debug|Any CPU.Build.0 = Debug|Any CPU
		{D04F052E-C557-4F61-8FAB-D2A35B0C8D67}.Debug|x64.ActiveCfg = Debug|Any CPU
		{D04F052E-C557-4F61-8FAB-D2A35B0C8D67}.Debug|x64.Build.0 = Debug|Any CPU
		{D04F052E-C557-4F61-8FAB-D2A35B0C8D67}.Debug|x86.ActiveCfg = Debug|Any CPU
		{D04F052E-C557-4F61-8FAB-D2A35B0C8D67}.Debug|x86.Build.0 = Debug|Any CPU
		{D04F052E-C557-4F61-8FAB-D2A35B0C8D67}.Release|Any CPU.ActiveCfg = Release|Any CPU
		{D04F052E-C557-4F61-8FAB-D2A35B0C8D67}.Release|Any CPU.Build.0 = Release|Any CPU
		{D04F052E-C557-4F61-8FAB-D2A35B0C8D67}.Release|x64.ActiveCfg = Release|Any CPU
		{D04F052E-C557-4F61-8FAB-D2A35B0C8D67}.Release|x64.Build.0 = Release|Any CPU
		{D04F052E-C557-4F61-8FAB-D2A35B0C8D67}.Release|x86.ActiveCfg = Release|Any CPU
		{D04F052E-C557-4F61-8FAB-D2A35B0C8D67}.Release|x86.Build.0 = Release|Any CPU
		{BF33FC29-2FBD-4DBC-97D7-9CF207130908}.Debug|Any CPU.ActiveCfg = Debug|Any CPU
		{BF33FC29-2FBD-4DBC-97D7-9CF207130908}.Debug|Any CPU.Build.0 = Debug|Any CPU
		{BF33FC29-2FBD-4DBC-97D7-9CF207130908}.Debug|x64.ActiveCfg = Debug|Any CPU
		{BF33FC29-2FBD-4DBC-97D7-9CF207130908}.Debug|x64.Build.0 = Debug|Any CPU
		{BF33FC29-2FBD-4DBC-97D7-9CF207130908}.Debug|x86.ActiveCfg = Debug|Any CPU
		{BF33FC29-2FBD-4DBC-97D7-9CF207130908}.Debug|x86.Build.0 = Debug|Any CPU
		{BF33FC29-2FBD-4DBC-97D7-9CF207130908}.Release|Any CPU.ActiveCfg = Release|Any CPU
		{BF33FC29-2FBD-4DBC-97D7-9CF207130908}.Release|Any CPU.Build.0 = Release|Any CPU
		{BF33FC29-2FBD-4DBC-97D7-9CF207130908}.Release|x64.ActiveCfg = Release|Any CPU
		{BF33FC29-2FBD-4DBC-97D7-9CF207130908}.Release|x64.Build.0 = Release|Any CPU
		{BF33FC29-2FBD-4DBC-97D7-9CF207130908}.Release|x86.ActiveCfg = Release|Any CPU
		{BF33FC29-2FBD-4DBC-97D7-9CF207130908}.Release|x86.Build.0 = Release|Any CPU
		{34DED59E-B475-41B5-9633-EE580C967BAB}.Debug|Any CPU.ActiveCfg = Debug|Any CPU
		{34DED59E-B475-41B5-9633-EE580C967BAB}.Debug|Any CPU.Build.0 = Debug|Any CPU
		{34DED59E-B475-41B5-9633-EE580C967BAB}.Debug|x64.ActiveCfg = Debug|Any CPU
		{34DED59E-B475-41B5-9633-EE580C967BAB}.Debug|x64.Build.0 = Debug|Any CPU
		{34DED59E-B475-41B5-9633-EE580C967BAB}.Debug|x86.ActiveCfg = Debug|Any CPU
		{34DED59E-B475-41B5-9633-EE580C967BAB}.Debug|x86.Build.0 = Debug|Any CPU
		{34DED59E-B475-41B5-9633-EE580C967BAB}.Release|Any CPU.ActiveCfg = Release|Any CPU
		{34DED59E-B475-41B5-9633-EE580C967BAB}.Release|Any CPU.Build.0 = Release|Any CPU
		{34DED59E-B475-41B5-9633-EE580C967BAB}.Release|x64.ActiveCfg = Release|Any CPU
		{34DED59E-B475-41B5-9633-EE580C967BAB}.Release|x64.Build.0 = Release|Any CPU
		{34DED59E-B475-41B5-9633-EE580C967BAB}.Release|x86.ActiveCfg = Release|Any CPU
		{34DED59E-B475-41B5-9633-EE580C967BAB}.Release|x86.Build.0 = Release|Any CPU
	EndGlobalSection
	GlobalSection(NestedProjects) = preSolution
		{89A13A89-F215-4A35-B5BD-CAB48BAAF72F} = {D009BA72-08B7-4F6A-987D-806FFB01AE88}
		{2C32D617-5593-45ED-AEC6-DCB8AD234FD2} = {D009BA72-08B7-4F6A-987D-806FFB01AE88}
		{3BEDF8A8-521A-4434-A32B-1A847E9205F7} = {D009BA72-08B7-4F6A-987D-806FFB01AE88}
		{0FDDC376-8B73-43C8-B0B1-4665CAAF5238} = {D009BA72-08B7-4F6A-987D-806FFB01AE88}
		{D04F052E-C557-4F61-8FAB-D2A35B0C8D67} = {D009BA72-08B7-4F6A-987D-806FFB01AE88}
		{BF33FC29-2FBD-4DBC-97D7-9CF207130908} = {D009BA72-08B7-4F6A-987D-806FFB01AE88}
	EndGlobalSection
EndGlobal
