
Microsoft Visual Studio Solution File, Format Version 12.00
# Visual Studio 15
VisualStudioVersion = 15.0.26124.0
MinimumVisualStudioVersion = 15.0.26124.0
Project("{2150E333-8FDC-42A3-9474-1A3956D46DE8}") = "packages", "packages", "{D009BA72-08B7-4F6A-987D-806FFB01AE88}"
EndProject
Project("{F2A71F9B-5D33-465A-A702-920D77279786}") = "Thoth.Json.Core", "packages\Thoth.Json.Core\Thoth.Json.Core.fsproj", "{89A13A89-F215-4A35-B5BD-CAB48BAAF72F}"
EndProject
Project("{F2A71F9B-5D33-465A-A702-920D77279786}") = "Thoth.Json.JavaScript", "packages\Thoth.Json.JavaScript\Thoth.Json.JavaScript.fsproj", "{2C32D617-5593-45ED-AEC6-DCB8AD234FD2}"
EndProject
Project("{F2A71F9B-5D33-465A-A702-920D77279786}") = "Thoth.Json.Newtonsoft", "packages\Thoth.Json.Newtonsoft\Thoth.Json.Newtonsoft.fsproj", "{3BEDF8A8-521A-4434-A32B-1A847E9205F7}"
EndProject
Project("{F2A71F9B-5D33-465A-A702-920D77279786}") = "Prototype.Shared", "packages\Prototype.Shared\Prototype.Shared.fsproj", "{0FDDC376-8B73-43C8-B0B1-4665CAAF5238}"
EndProject
Project("{F2A71F9B-5D33-465A-A702-920D77279786}") = "Prototype.JavaScript", "packages\Prototype.JavaScript\Prototype.JavaScript.fsproj", "{D04F052E-C557-4F61-8FAB-D2A35B0C8D67}"
EndProject
Project("{F2A71F9B-5D33-465A-A702-920D77279786}") = "Prototype.DotNet", "packages\Prototype.DotNet\Prototype.DotNet.fsproj", "{BF33FC29-2FBD-4DBC-97D7-9CF207130908}"
EndProject
Project("{F2A71F9B-5D33-465A-A702-920D77279786}") = "Build", "build\Build.fsproj", "{C92D7510-F8E4-491F-9508-6B8BF7FF0408}"
EndProject
Project("{2150E333-8FDC-42A3-9474-1A3956D46DE8}") = "tests", "tests", "{BC3238CA-1D20-4D33-B633-033A2627B1DF}"
EndProject
Project("{F2A71F9B-5D33-465A-A702-920D77279786}") = "Thoth.Json.JavaScript.Tests", "tests\Thoth.Json.Tests.JavaScript\Thoth.Json.Tests.JavaScript.fsproj", "{82CAAF28-9AE0-4515-A47E-E436D0D3FA05}"
EndProject
Project("{F2A71F9B-5D33-465A-A702-920D77279786}") = "Thoth.Json.Newtonsoft.Tests", "tests\Thoth.Json.Tests.Newtonsoft\Thoth.Json.Tests.Newtonsoft.fsproj", "{DB50A83E-B1BA-44C1-BC55-760DCA114B2F}"
EndProject
Project("{F2A71F9B-5D33-465A-A702-920D77279786}") = "Thoth.Json.Python", "packages\Thoth.Json.Python\Thoth.Json.Python.fsproj", "{56F71CB4-C026-4002-8BBD-9CBE8B19E672}"
EndProject
Project("{F2A71F9B-5D33-465A-A702-920D77279786}") = "Thoth.Json.Tests.Python", "tests\Thoth.Json.Tests.Python\Thoth.Json.Tests.Python.fsproj", "{78C5D7E0-72A9-4182-B5A2-29E21E9D9CCA}"
EndProject
Global
	GlobalSection(SolutionConfigurationPlatforms) = preSolution
		Debug|Any CPU = Debug|Any CPU
		Debug|x64 = Debug|x64
		Debug|x86 = Debug|x86
		Release|Any CPU = Release|Any CPU
		Release|x64 = Release|x64
		Release|x86 = Release|x86
	EndGlobalSection
	GlobalSection(SolutionProperties) = preSolution
		HideSolutionNode = FALSE
	EndGlobalSection
	GlobalSection(ProjectConfigurationPlatforms) = postSolution
		{89A13A89-F215-4A35-B5BD-CAB48BAAF72F}.Debug|Any CPU.ActiveCfg = Debug|Any CPU
		{89A13A89-F215-4A35-B5BD-CAB48BAAF72F}.Debug|Any CPU.Build.0 = Debug|Any CPU
		{89A13A89-F215-4A35-B5BD-CAB48BAAF72F}.Debug|x64.ActiveCfg = Debug|Any CPU
		{89A13A89-F215-4A35-B5BD-CAB48BAAF72F}.Debug|x64.Build.0 = Debug|Any CPU
		{89A13A89-F215-4A35-B5BD-CAB48BAAF72F}.Debug|x86.ActiveCfg = Debug|Any CPU
		{89A13A89-F215-4A35-B5BD-CAB48BAAF72F}.Debug|x86.Build.0 = Debug|Any CPU
		{89A13A89-F215-4A35-B5BD-CAB48BAAF72F}.Release|Any CPU.ActiveCfg = Release|Any CPU
		{89A13A89-F215-4A35-B5BD-CAB48BAAF72F}.Release|Any CPU.Build.0 = Release|Any CPU
		{89A13A89-F215-4A35-B5BD-CAB48BAAF72F}.Release|x64.ActiveCfg = Release|Any CPU
		{89A13A89-F215-4A35-B5BD-CAB48BAAF72F}.Release|x64.Build.0 = Release|Any CPU
		{89A13A89-F215-4A35-B5BD-CAB48BAAF72F}.Release|x86.ActiveCfg = Release|Any CPU
		{89A13A89-F215-4A35-B5BD-CAB48BAAF72F}.Release|x86.Build.0 = Release|Any CPU
		{2C32D617-5593-45ED-AEC6-DCB8AD234FD2}.Debug|Any CPU.ActiveCfg = Debug|Any CPU
		{2C32D617-5593-45ED-AEC6-DCB8AD234FD2}.Debug|Any CPU.Build.0 = Debug|Any CPU
		{2C32D617-5593-45ED-AEC6-DCB8AD234FD2}.Debug|x64.ActiveCfg = Debug|Any CPU
		{2C32D617-5593-45ED-AEC6-DCB8AD234FD2}.Debug|x64.Build.0 = Debug|Any CPU
		{2C32D617-5593-45ED-AEC6-DCB8AD234FD2}.Debug|x86.ActiveCfg = Debug|Any CPU
		{2C32D617-5593-45ED-AEC6-DCB8AD234FD2}.Debug|x86.Build.0 = Debug|Any CPU
		{2C32D617-5593-45ED-AEC6-DCB8AD234FD2}.Release|Any CPU.ActiveCfg = Release|Any CPU
		{2C32D617-5593-45ED-AEC6-DCB8AD234FD2}.Release|Any CPU.Build.0 = Release|Any CPU
		{2C32D617-5593-45ED-AEC6-DCB8AD234FD2}.Release|x64.ActiveCfg = Release|Any CPU
		{2C32D617-5593-45ED-AEC6-DCB8AD234FD2}.Release|x64.Build.0 = Release|Any CPU
		{2C32D617-5593-45ED-AEC6-DCB8AD234FD2}.Release|x86.ActiveCfg = Release|Any CPU
		{2C32D617-5593-45ED-AEC6-DCB8AD234FD2}.Release|x86.Build.0 = Release|Any CPU
		{3BEDF8A8-521A-4434-A32B-1A847E9205F7}.Debug|Any CPU.ActiveCfg = Debug|Any CPU
		{3BEDF8A8-521A-4434-A32B-1A847E9205F7}.Debug|Any CPU.Build.0 = Debug|Any CPU
		{3BEDF8A8-521A-4434-A32B-1A847E9205F7}.Debug|x64.ActiveCfg = Debug|Any CPU
		{3BEDF8A8-521A-4434-A32B-1A847E9205F7}.Debug|x64.Build.0 = Debug|Any CPU
		{3BEDF8A8-521A-4434-A32B-1A847E9205F7}.Debug|x86.ActiveCfg = Debug|Any CPU
		{3BEDF8A8-521A-4434-A32B-1A847E9205F7}.Debug|x86.Build.0 = Debug|Any CPU
		{3BEDF8A8-521A-4434-A32B-1A847E9205F7}.Release|Any CPU.ActiveCfg = Release|Any CPU
		{3BEDF8A8-521A-4434-A32B-1A847E9205F7}.Release|Any CPU.Build.0 = Release|Any CPU
		{3BEDF8A8-521A-4434-A32B-1A847E9205F7}.Release|x64.ActiveCfg = Release|Any CPU
		{3BEDF8A8-521A-4434-A32B-1A847E9205F7}.Release|x64.Build.0 = Release|Any CPU
		{3BEDF8A8-521A-4434-A32B-1A847E9205F7}.Release|x86.ActiveCfg = Release|Any CPU
		{3BEDF8A8-521A-4434-A32B-1A847E9205F7}.Release|x86.Build.0 = Release|Any CPU
		{0FDDC376-8B73-43C8-B0B1-4665CAAF5238}.Debug|Any CPU.ActiveCfg = Debug|Any CPU
		{0FDDC376-8B73-43C8-B0B1-4665CAAF5238}.Debug|Any CPU.Build.0 = Debug|Any CPU
		{0FDDC376-8B73-43C8-B0B1-4665CAAF5238}.Debug|x64.ActiveCfg = Debug|Any CPU
		{0FDDC376-8B73-43C8-B0B1-4665CAAF5238}.Debug|x64.Build.0 = Debug|Any CPU
		{0FDDC376-8B73-43C8-B0B1-4665CAAF5238}.Debug|x86.ActiveCfg = Debug|Any CPU
		{0FDDC376-8B73-43C8-B0B1-4665CAAF5238}.Debug|x86.Build.0 = Debug|Any CPU
		{0FDDC376-8B73-43C8-B0B1-4665CAAF5238}.Release|Any CPU.ActiveCfg = Release|Any CPU
		{0FDDC376-8B73-43C8-B0B1-4665CAAF5238}.Release|Any CPU.Build.0 = Release|Any CPU
		{0FDDC376-8B73-43C8-B0B1-4665CAAF5238}.Release|x64.ActiveCfg = Release|Any CPU
		{0FDDC376-8B73-43C8-B0B1-4665CAAF5238}.Release|x64.Build.0 = Release|Any CPU
		{0FDDC376-8B73-43C8-B0B1-4665CAAF5238}.Release|x86.ActiveCfg = Release|Any CPU
		{0FDDC376-8B73-43C8-B0B1-4665CAAF5238}.Release|x86.Build.0 = Release|Any CPU
		{D04F052E-C557-4F61-8FAB-D2A35B0C8D67}.Debug|Any CPU.ActiveCfg = Debug|Any CPU
		{D04F052E-C557-4F61-8FAB-D2A35B0C8D67}.Debug|Any CPU.Build.0 = Debug|Any CPU
		{D04F052E-C557-4F61-8FAB-D2A35B0C8D67}.Debug|x64.ActiveCfg = Debug|Any CPU
		{D04F052E-C557-4F61-8FAB-D2A35B0C8D67}.Debug|x64.Build.0 = Debug|Any CPU
		{D04F052E-C557-4F61-8FAB-D2A35B0C8D67}.Debug|x86.ActiveCfg = Debug|Any CPU
		{D04F052E-C557-4F61-8FAB-D2A35B0C8D67}.Debug|x86.Build.0 = Debug|Any CPU
		{D04F052E-C557-4F61-8FAB-D2A35B0C8D67}.Release|Any CPU.ActiveCfg = Release|Any CPU
		{D04F052E-C557-4F61-8FAB-D2A35B0C8D67}.Release|Any CPU.Build.0 = Release|Any CPU
		{D04F052E-C557-4F61-8FAB-D2A35B0C8D67}.Release|x64.ActiveCfg = Release|Any CPU
		{D04F052E-C557-4F61-8FAB-D2A35B0C8D67}.Release|x64.Build.0 = Release|Any CPU
		{D04F052E-C557-4F61-8FAB-D2A35B0C8D67}.Release|x86.ActiveCfg = Release|Any CPU
		{D04F052E-C557-4F61-8FAB-D2A35B0C8D67}.Release|x86.Build.0 = Release|Any CPU
		{BF33FC29-2FBD-4DBC-97D7-9CF207130908}.Debug|Any CPU.ActiveCfg = Debug|Any CPU
		{BF33FC29-2FBD-4DBC-97D7-9CF207130908}.Debug|Any CPU.Build.0 = Debug|Any CPU
		{BF33FC29-2FBD-4DBC-97D7-9CF207130908}.Debug|x64.ActiveCfg = Debug|Any CPU
		{BF33FC29-2FBD-4DBC-97D7-9CF207130908}.Debug|x64.Build.0 = Debug|Any CPU
		{BF33FC29-2FBD-4DBC-97D7-9CF207130908}.Debug|x86.ActiveCfg = Debug|Any CPU
		{BF33FC29-2FBD-4DBC-97D7-9CF207130908}.Debug|x86.Build.0 = Debug|Any CPU
		{BF33FC29-2FBD-4DBC-97D7-9CF207130908}.Release|Any CPU.ActiveCfg = Release|Any CPU
		{BF33FC29-2FBD-4DBC-97D7-9CF207130908}.Release|Any CPU.Build.0 = Release|Any CPU
		{BF33FC29-2FBD-4DBC-97D7-9CF207130908}.Release|x64.ActiveCfg = Release|Any CPU
		{BF33FC29-2FBD-4DBC-97D7-9CF207130908}.Release|x64.Build.0 = Release|Any CPU
		{BF33FC29-2FBD-4DBC-97D7-9CF207130908}.Release|x86.ActiveCfg = Release|Any CPU
		{BF33FC29-2FBD-4DBC-97D7-9CF207130908}.Release|x86.Build.0 = Release|Any CPU
		{C92D7510-F8E4-491F-9508-6B8BF7FF0408}.Debug|Any CPU.ActiveCfg = Debug|Any CPU
		{C92D7510-F8E4-491F-9508-6B8BF7FF0408}.Debug|Any CPU.Build.0 = Debug|Any CPU
		{C92D7510-F8E4-491F-9508-6B8BF7FF0408}.Debug|x64.ActiveCfg = Debug|Any CPU
		{C92D7510-F8E4-491F-9508-6B8BF7FF0408}.Debug|x64.Build.0 = Debug|Any CPU
		{C92D7510-F8E4-491F-9508-6B8BF7FF0408}.Debug|x86.ActiveCfg = Debug|Any CPU
		{C92D7510-F8E4-491F-9508-6B8BF7FF0408}.Debug|x86.Build.0 = Debug|Any CPU
		{C92D7510-F8E4-491F-9508-6B8BF7FF0408}.Release|Any CPU.ActiveCfg = Release|Any CPU
		{C92D7510-F8E4-491F-9508-6B8BF7FF0408}.Release|Any CPU.Build.0 = Release|Any CPU
		{C92D7510-F8E4-491F-9508-6B8BF7FF0408}.Release|x64.ActiveCfg = Release|Any CPU
		{C92D7510-F8E4-491F-9508-6B8BF7FF0408}.Release|x64.Build.0 = Release|Any CPU
		{C92D7510-F8E4-491F-9508-6B8BF7FF0408}.Release|x86.ActiveCfg = Release|Any CPU
		{C92D7510-F8E4-491F-9508-6B8BF7FF0408}.Release|x86.Build.0 = Release|Any CPU
		{82CAAF28-9AE0-4515-A47E-E436D0D3FA05}.Debug|Any CPU.ActiveCfg = Debug|Any CPU
		{82CAAF28-9AE0-4515-A47E-E436D0D3FA05}.Debug|Any CPU.Build.0 = Debug|Any CPU
		{82CAAF28-9AE0-4515-A47E-E436D0D3FA05}.Debug|x64.ActiveCfg = Debug|Any CPU
		{82CAAF28-9AE0-4515-A47E-E436D0D3FA05}.Debug|x64.Build.0 = Debug|Any CPU
		{82CAAF28-9AE0-4515-A47E-E436D0D3FA05}.Debug|x86.ActiveCfg = Debug|Any CPU
		{82CAAF28-9AE0-4515-A47E-E436D0D3FA05}.Debug|x86.Build.0 = Debug|Any CPU
		{82CAAF28-9AE0-4515-A47E-E436D0D3FA05}.Release|Any CPU.ActiveCfg = Release|Any CPU
		{82CAAF28-9AE0-4515-A47E-E436D0D3FA05}.Release|Any CPU.Build.0 = Release|Any CPU
		{82CAAF28-9AE0-4515-A47E-E436D0D3FA05}.Release|x64.ActiveCfg = Release|Any CPU
		{82CAAF28-9AE0-4515-A47E-E436D0D3FA05}.Release|x64.Build.0 = Release|Any CPU
		{82CAAF28-9AE0-4515-A47E-E436D0D3FA05}.Release|x86.ActiveCfg = Release|Any CPU
		{82CAAF28-9AE0-4515-A47E-E436D0D3FA05}.Release|x86.Build.0 = Release|Any CPU
		{DB50A83E-B1BA-44C1-BC55-760DCA114B2F}.Debug|Any CPU.ActiveCfg = Debug|Any CPU
		{DB50A83E-B1BA-44C1-BC55-760DCA114B2F}.Debug|Any CPU.Build.0 = Debug|Any CPU
		{DB50A83E-B1BA-44C1-BC55-760DCA114B2F}.Debug|x64.ActiveCfg = Debug|Any CPU
		{DB50A83E-B1BA-44C1-BC55-760DCA114B2F}.Debug|x64.Build.0 = Debug|Any CPU
		{DB50A83E-B1BA-44C1-BC55-760DCA114B2F}.Debug|x86.ActiveCfg = Debug|Any CPU
		{DB50A83E-B1BA-44C1-BC55-760DCA114B2F}.Debug|x86.Build.0 = Debug|Any CPU
		{DB50A83E-B1BA-44C1-BC55-760DCA114B2F}.Release|Any CPU.ActiveCfg = Release|Any CPU
		{DB50A83E-B1BA-44C1-BC55-760DCA114B2F}.Release|Any CPU.Build.0 = Release|Any CPU
		{DB50A83E-B1BA-44C1-BC55-760DCA114B2F}.Release|x64.ActiveCfg = Release|Any CPU
		{DB50A83E-B1BA-44C1-BC55-760DCA114B2F}.Release|x64.Build.0 = Release|Any CPU
		{DB50A83E-B1BA-44C1-BC55-760DCA114B2F}.Release|x86.ActiveCfg = Release|Any CPU
		{DB50A83E-B1BA-44C1-BC55-760DCA114B2F}.Release|x86.Build.0 = Release|Any CPU
		{56F71CB4-C026-4002-8BBD-9CBE8B19E672}.Debug|Any CPU.ActiveCfg = Debug|Any CPU
		{56F71CB4-C026-4002-8BBD-9CBE8B19E672}.Debug|Any CPU.Build.0 = Debug|Any CPU
		{56F71CB4-C026-4002-8BBD-9CBE8B19E672}.Debug|x64.ActiveCfg = Debug|Any CPU
		{56F71CB4-C026-4002-8BBD-9CBE8B19E672}.Debug|x64.Build.0 = Debug|Any CPU
		{56F71CB4-C026-4002-8BBD-9CBE8B19E672}.Debug|x86.ActiveCfg = Debug|Any CPU
		{56F71CB4-C026-4002-8BBD-9CBE8B19E672}.Debug|x86.Build.0 = Debug|Any CPU
		{56F71CB4-C026-4002-8BBD-9CBE8B19E672}.Release|Any CPU.ActiveCfg = Release|Any CPU
		{56F71CB4-C026-4002-8BBD-9CBE8B19E672}.Release|Any CPU.Build.0 = Release|Any CPU
		{56F71CB4-C026-4002-8BBD-9CBE8B19E672}.Release|x64.ActiveCfg = Release|Any CPU
		{56F71CB4-C026-4002-8BBD-9CBE8B19E672}.Release|x64.Build.0 = Release|Any CPU
		{56F71CB4-C026-4002-8BBD-9CBE8B19E672}.Release|x86.ActiveCfg = Release|Any CPU
		{56F71CB4-C026-4002-8BBD-9CBE8B19E672}.Release|x86.Build.0 = Release|Any CPU
		{78C5D7E0-72A9-4182-B5A2-29E21E9D9CCA}.Debug|Any CPU.ActiveCfg = Debug|Any CPU
		{78C5D7E0-72A9-4182-B5A2-29E21E9D9CCA}.Debug|Any CPU.Build.0 = Debug|Any CPU
		{78C5D7E0-72A9-4182-B5A2-29E21E9D9CCA}.Debug|x64.ActiveCfg = Debug|Any CPU
		{78C5D7E0-72A9-4182-B5A2-29E21E9D9CCA}.Debug|x64.Build.0 = Debug|Any CPU
		{78C5D7E0-72A9-4182-B5A2-29E21E9D9CCA}.Debug|x86.ActiveCfg = Debug|Any CPU
		{78C5D7E0-72A9-4182-B5A2-29E21E9D9CCA}.Debug|x86.Build.0 = Debug|Any CPU
		{78C5D7E0-72A9-4182-B5A2-29E21E9D9CCA}.Release|Any CPU.ActiveCfg = Release|Any CPU
		{78C5D7E0-72A9-4182-B5A2-29E21E9D9CCA}.Release|Any CPU.Build.0 = Release|Any CPU
		{78C5D7E0-72A9-4182-B5A2-29E21E9D9CCA}.Release|x64.ActiveCfg = Release|Any CPU
		{78C5D7E0-72A9-4182-B5A2-29E21E9D9CCA}.Release|x64.Build.0 = Release|Any CPU
		{78C5D7E0-72A9-4182-B5A2-29E21E9D9CCA}.Release|x86.ActiveCfg = Release|Any CPU
		{78C5D7E0-72A9-4182-B5A2-29E21E9D9CCA}.Release|x86.Build.0 = Release|Any CPU
	EndGlobalSection
	GlobalSection(NestedProjects) = preSolution
		{89A13A89-F215-4A35-B5BD-CAB48BAAF72F} = {D009BA72-08B7-4F6A-987D-806FFB01AE88}
		{2C32D617-5593-45ED-AEC6-DCB8AD234FD2} = {D009BA72-08B7-4F6A-987D-806FFB01AE88}
		{3BEDF8A8-521A-4434-A32B-1A847E9205F7} = {D009BA72-08B7-4F6A-987D-806FFB01AE88}
		{0FDDC376-8B73-43C8-B0B1-4665CAAF5238} = {D009BA72-08B7-4F6A-987D-806FFB01AE88}
		{D04F052E-C557-4F61-8FAB-D2A35B0C8D67} = {D009BA72-08B7-4F6A-987D-806FFB01AE88}
		{BF33FC29-2FBD-4DBC-97D7-9CF207130908} = {D009BA72-08B7-4F6A-987D-806FFB01AE88}
		{82CAAF28-9AE0-4515-A47E-E436D0D3FA05} = {BC3238CA-1D20-4D33-B633-033A2627B1DF}
		{DB50A83E-B1BA-44C1-BC55-760DCA114B2F} = {BC3238CA-1D20-4D33-B633-033A2627B1DF}
		{56F71CB4-C026-4002-8BBD-9CBE8B19E672} = {D009BA72-08B7-4F6A-987D-806FFB01AE88}
		{78C5D7E0-72A9-4182-B5A2-29E21E9D9CCA} = {BC3238CA-1D20-4D33-B633-033A2627B1DF}
	EndGlobalSection
EndGlobal
