version = 1
revision = 3
requires-python = ">=3.12"

[[package]]
name = "fable-library"
version = "5.17.2"
source = { registry = "https://pypi.org/simple" }
sdist = { url = "https://files.pythonhosted.org/packages/cf/ea/e86306204f54e70d1ee1064fe774406804a54868c59168f9a08c03329e25/fable_library-5.17.2.tar.gz", hash = "sha256:09086699877de94e275b3287abc3405d42bff980689778b95cd2b2c0aabb6211", size = 248994, upload-time = "2026-09-12T20:37:36.291Z" }
wheels = [
    { url = "https://files.pythonhosted.org/packages/91/a2/fe1ae77d3538b737fdffb848662aad1388b6005da7fbbc3aec4703f9f7cc/fable_library-5.17.2-cp312-cp312-macosx_10_12_x86_64.whl", hash = "sha256:39a740769374765096a53152e6e68d92fca019461469844ebd8a635c674dea89", size = 1406584, upload-time = "2026-09-12T20:35:51.61Z" },
    { url = "https://files.pythonhosted.org/packages/7f/b0/58da34d16672d8d10a249c09ae845698769c25eab9ea37486e3904ec2f3c/fable_library-5.17.2-cp312-cp312-macosx_11_0_arm64.whl", hash = "sha256:44396298a2c53262bfc118c67089dd0681d021dafe6e7d9b65f33195812e513f", size = 1313782, upload-time = "2026-09-12T20:35:53.196Z" },
    { url = "https://files.pythonhosted.org/packages/c2/34/80f58deb59228aaaaa6f9e0a9c4d308728c43172a726f9117a676d124088/fable_library-5.17.2-cp312-cp312-manylinux_2_17_aarch64.manylinux2014_aarch64.whl", hash = "sha256:9ae3d7df88aa4c6b700ac1a9a149123d7ebbdbd01f3cc0e60a4ef531f3c4f582", size = 1362070, upload-time = "2026-09-12T20:35:54.511Z" },
    { url = "https://files.pythonhosted.org/packages/44/b0/a38b2417d0990aa43759cb9ab02bff10aee33f88babc54075e6df63a1510/fable_library-5.17.2-cp312-cp312-manylinux_2_17_armv7l.manylinux2014_armv7l.whl", hash = "sha256:67c2c86e371f73a86afbde369202653d6a4d5f64b3332054d72233edaf4f17e5", size = 1343743, upload-time = "2026-09-12T20:35:55.931Z" },
    { url = "https://files.pythonhosted.org/packages/28/8d/6f79e7d6eeb98fd11d121afc7c22c8f9c3063d5756bd1558c12e52cbd624/fable_library-5.17.2-cp312-cp312-manylinux_2_17_ppc64le.manylinux2014_ppc64le.whl", hash = "sha256:94c9074b1f4b8dbd99695d4b2809fdffe1e97780acd677222b7b4ae23e7e7c82", size = 1488480, upload-time = "2026-09-12T20:35:57.349Z" },
    { url = "https://files.pythonhosted.org/packages/a3/4e/1a817a9434fc3864294f2dd3b73088cab88614bc179ef32417fb8924c217/fable_library-5.17.2-cp312-cp312-manylinux_2_17_s390x.manylinux2014_s390x.whl", hash = "sha256:7ff05dd3d6618be75df7e678e2c45261446c90d14cf44c579ae300c947134d72", size = 1502574, upload-time = "2026-09-12T20:35:59.026Z" },
    { url = "https://files.pythonhosted.org/packages/d5/40/5c6bc6580d04d049b3cc2b84bfcc1944868b8ac235bd3fbbb36bc3e17427/fable_library-5.17.2-cp312-cp312-manylinux_2_17_x86_64.manylinux2014_x86_64.whl", hash = "sha256:d4ad475e3766bae2521ffe3756f50d0eb7cface973608779e5aa98c8a9c1ee74", size = 1433685, upload-time = "2026-09-12T20:36:00.355Z" },
    { url = "https://files.pythonhosted.org/packages/ee/3b/e8ddec3e3b8909b1810d5499f3032d0edd4ae2f65d194cd8f6f5f8f1e0ce/fable_library-5.17.2-cp312-cp312-manylinux_2_5_i686.manylinux1_i686.whl", hash = "sha256:319f6b5d9cf7e86f9a25564ad1ade238687d3df86cca005b089e434a597e8f7f", size = 1463409, upload-time = "2026-09-12T20:36:01.738Z" },
    { url = "https://files.pythonhosted.org/packages/ce/1f/09b7ed5a8c3b8404e3c5797e94273f0e03aa50cb454d5f44ace363543912/fable_library-5.17.2-cp312-cp312-musllinux_1_2_aarch64.whl", hash = "sha256:1a324d8ebafd87f6eb850cce44389307f0a158f20dc6b296976c91c94ad871f1", size = 1540168, upload-time = "2026-09-12T20:36:03.42Z" },
    { url = "https://files.pythonhosted.org/packages/8f/d2/d0646c7d33f0457bd6e876e6c7cf0f1625635ea148d74c2759db07db6784/fable_library-5.17.2-cp312-cp312-musllinux_1_2_armv7l.whl", hash = "sha256:6f047387f71dc263503cb66800d101231973a62ac1236505b0f2ccdbe0223b33", size = 1621793, upload-time = "2026-09-12T20:36:04.774Z" },
    { url = "https://files.pythonhosted.org/packages/bf/9b/308f6d84d7402faf6a6481fbfc070437eb0914023c5f841f4f46e6b0ebb5/fable_library-5.17.2-cp312-cp312-musllinux_1_2_i686.whl", hash = "sha256:e61370b1b04bf2da2391a6f3332703260ca8e7a25287dd6e6808c33d6f949577", size = 1644437, upload-time = "2026-09-12T20:36:06.429Z" },
    { url = "https://files.pythonhosted.org/packages/8a/2f/6abb7799b64833a731be2f3344dfe7d869350c58cdbff913c9da44e44ddb/fable_library-5.17.2-cp312-cp312-musllinux_1_2_x86_64.whl", hash = "sha256:85ff5c4ec949496242f36b902291c73fd51578181122191b132833d9f4bcc3cb", size = 1663501, upload-time = "2026-09-12T20:36:07.856Z" },
    { url = "https://files.pythonhosted.org/packages/89/97/0f3fee53393274bfddae245036324febd4994b7305d0d48df29c91f1c392/fable_library-5.17.2-cp312-cp312-win_amd64.whl", hash = "sha256:3cca19fbbfff904a08c040512c55be539c14a6fac02a9724f998fb6604e9b349", size = 1419871, upload-time = "2026-09-12T20:36:09.428Z" },
    { url = "https://files.pythonhosted.org/packages/79/94/004ae9630da47575081a2bd6c4e3ae249a6c7a9ae32189ef94c9d567345e/fable_library-5.17.2-cp313-cp313-macosx_10_12_x86_64.whl", hash = "sha256:a8c7c449b1b0e3411a8dc792fe75a73a0d41aef61f4badad1fff97e63c788d02", size = 1407277, upload-time = "2026-09-12T20:36:10.915Z" },
    { url = "https://files.pythonhosted.org/packages/24/e5/a2cdfb9c4c65a51ecfd193506ab26a27b84af0f9116f4b9f6e847d48c502/fable_library-5.17.2-cp313-cp313-macosx_11_0_arm64.whl", hash = "sha256:975b1ba85215ebf4dbca893605541e892bbff835f13556983fdd86d2733ad54c", size = 1313947, upload-time = "2026-09-12T20:36:12.9Z" },
    { url = "https://files.pythonhosted.org/packages/35/39/a2ca5e2198941c7d89b174773ca9a447e512e6a34b4ca031c66bcc4b0b75/fable_library-5.17.2-cp313-cp313-manylinux_2_17_aarch64.manylinux2014_aarch64.whl", hash = "sha256:d1009deb663917ab612eaa54946341153df0ecfa8b5de68941e6e9707f0c6e27", size = 1362028, upload-time = "2026-09-12T20:36:14.587Z" },
    { url = "https://files.pythonhosted.org/packages/a8/82/4de872eb65ea0d00537f1c413f4c0015b895e7580ecd023f5c2560742982/fable_library-5.17.2-cp313-cp313-manylinux_2_17_armv7l.manylinux2014_armv7l.whl", hash = "sha256:3b0d7fa1ad7f6ad76c3005e3417747c4c16919d9dfb607da2e43cef8d2082ac3", size = 1343654, upload-time = "2026-09-12T20:36:16.113Z" },
    { url = "https://files.pythonhosted.org/packages/e9/ba/12a8243a24f24c0d1a98335ed68ab8b5b5858b9df6df1ceac247d2d7aef5/fable_library-5.17.2-cp313-cp313-manylinux_2_17_ppc64le.manylinux2014_ppc64le.whl", hash = "sha256:ad81046cb1bb15807431128f04e18cf2048532c30e122fe6444c95cc28f0a67b", size = 1489118, upload-time = "2026-09-12T20:36:17.789Z" },
    { url = "https://files.pythonhosted.org/packages/53/92/f5282d5302367d7a801eab58f749780781e0ff0d8b93bf7cbd4d3caf3f63/fable_library-5.17.2-cp313-cp313-manylinux_2_17_s390x.manylinux2014_s390x.whl", hash = "sha256:72f033674b9201e2a28f03b0782f6526533ff54ec9e9caea8f6c64aecc3b62bd", size = 1502304, upload-time = "2026-09-12T20:36:19.443Z" },
    { url = "https://files.pythonhosted.org/packages/ee/84/a01f14eb5d6c593e0ec362a8a68057f99c299aa2b009e41f92943fe59b99/fable_library-5.17.2-cp313-cp313-manylinux_2_17_x86_64.manylinux2014_x86_64.whl", hash = "sha256:b535e660153d60ac4937c76ffaf162993d48cc7a294b272d6a46d611bcb92d9d", size = 1434622, upload-time = "2026-09-12T20:36:22.099Z" },
    { url = "https://files.pythonhosted.org/packages/f1/65/d0c58556f9a4062d8e0b62108a0c28251bfee4fa8548627e674fdcdde153/fable_library-5.17.2-cp313-cp313-manylinux_2_5_i686.manylinux1_i686.whl", hash = "sha256:5613e4b74d5090c759eb1853d1813de7cb0d78d82e9adf3bf1069aba5965b268", size = 1463512, upload-time = "2026-09-12T20:36:23.93Z" },
    { url = "https://files.pythonhosted.org/packages/b7/c3/b805af00fd6d3d9525961c4fdefc485037615f166f653284a7d6de444cd5/fable_library-5.17.2-cp313-cp313-musllinux_1_2_aarch64.whl", hash = "sha256:4d3d519ee407030382179e69d8f2d095f0b80f267440277c6e9b0697127a305d", size = 1539910, upload-time = "2026-09-12T20:36:25.535Z" },
    { url = "https://files.pythonhosted.org/packages/2d/ec/e15ce3bfb7f44d6247c5591ca9bf694ec984331ea336ec8ded1c3d016b35/fable_library-5.17.2-cp313-cp313-musllinux_1_2_armv7l.whl", hash = "sha256:71b9b847536a8b717279c4cabc6691cddf944fce068329c66dfdb3d6908affe6", size = 1621718, upload-time = "2026-09-12T20:36:26.95Z" },
    { url = "https://files.pythonhosted.org/packages/8c/23/ce85ad10b44631ef1a644eda3f25879d5038e5a759c0198a4cc51e320199/fable_library-5.17.2-cp313-cp313-musllinux_1_2_i686.whl", hash = "sha256:31f29b1f53f530b20ef97c34f4ca44e2b31d8729eadd6f747388a15e39f62d16", size = 1647057, upload-time = "2026-09-12T20:36:28.587Z" },
    { url = "https://files.pythonhosted.org/packages/fb/9f/fdf06ce2132524880432751aa1ff12b288ae2dc19ee5563d10bb8b402fd7/fable_library-5.17.2-cp313-cp313-musllinux_1_2_x86_64.whl", hash = "sha256:4cf9c507c1a7701f75593d67499ac8b0c7ec8bc0be9f5c8ca2e32e138b003525", size = 1663862, upload-time = "2026-09-12T20:36:30.217Z" },
    { url = "https://files.pythonhosted.org/packages/c5/3a/c0e079a04e0568be85cd0e5b461d082759e430064b5ada53695fa6e84ef3/fable_library-5.17.2-cp313-cp313-win_amd64.whl", hash = "sha256:c94ab7b0096925acddc46aa1e205886e6368113adb3a158200f3e6ac116d0207", size = 1422738, upload-time = "2026-09-12T20:36:31.792Z" },
    { url = "https://files.pythonhosted.org/packages/e7/49/d49e97c93b204a44afbc68cf2dbb78f41c819177e43cc3719fb675c6825f/fable_library-5.17.2-cp314-cp314-macosx_10_12_x86_64.whl", hash = "sha256:9772708ff698c8b3a4f0f93f3b7cf785f40e5845f1015d73d6692d5df95c4f54", size = 1408183, upload-time = "2026-09-12T20:36:33.31Z" },
    { url = "https://files.pythonhosted.org/packages/0b/d5/609479075ba553167f7a469b4bfb232b639b50c14b664cb1db86d560dfd2/fable_library-5.17.2-cp314-cp314-macosx_11_0_arm64.whl", hash = "sha256:a891661f346ff022184b51906781bfbf68314848376b0deab57885d724e372dc", size = 1314089, upload-time = "2026-09-12T20:36:34.728Z" },
    { url = "https://files.pythonhosted.org/packages/ff/6a/f129100e81dd0d9f6457488be267ac731f02a05cee47d705338694b48dd9/fable_library-5.17.2-cp314-cp314-manylinux_2_17_aarch64.manylinux2014_aarch64.whl", hash = "sha256:6036d786836307f32012ea571940a819f5dda7c4a1fa82e02b688c8a33a79a59", size = 1362031, upload-time = "2026-09-12T20:36:36.117Z" },
    { url = "https://files.pythonhosted.org/packages/d1/17/ea360c12740513f5577101397502f6802dbd863ead0d44e0839bc48a7815/fable_library-5.17.2-cp314-cp314-manylinux_2_17_armv7l.manylinux2014_armv7l.whl", hash = "sha256:07d15c0614b4b4ec34f10dbff663dba530be35f111de3952806a2a9f3a4ab601", size = 1344900, upload-time = "2026-09-12T20:36:37.757Z" },
    { url = "https://files.pythonhosted.org/packages/70/ab/33d759b3224134788206ff15b13c29f8b0f1c0688c94e16ffc4f029035ee/fable_library-5.17.2-cp314-cp314-manylinux_2_17_ppc64le.manylinux2014_ppc64le.whl", hash = "sha256:3e3f71c85adf4edd181cf3f5f10a79e2d6df5ae07d1a0b1f687d0e592001be2e", size = 1490041, upload-time = "2026-09-12T20:36:39.173Z" },
    { url = "https://files.pythonhosted.org/packages/6e/e6/8df752820cdd0ee796ea3bdcf84e8c189792304250f67646d6acb8e70175/fable_library-5.17.2-cp314-cp314-manylinux_2_17_s390x.manylinux2014_s390x.whl", hash = "sha256:3cb8713a2cfac4ff10aed17ff4b4d654c946b863d56f2b0273f2638479c28e50", size = 1502865, upload-time = "2026-09-12T20:36:40.998Z" },
    { url = "https://files.pythonhosted.org/packages/2f/8c/1945776308afd62202dd8d9f8a095f40dd44bd0e8fdc0cbb9bfe7d3b0026/fable_library-5.17.2-cp314-cp314-manylinux_2_17_x86_64.manylinux2014_x86_64.whl", hash = "sha256:73ae51d6ab2797b319362aa2a8bd399d48b2f07cb4b8e9291e608fe2658ac8f7", size = 1435423, upload-time = "2026-09-12T20:36:42.664Z" },
    { url = "https://files.pythonhosted.org/packages/e8/fb/9f6408416b349687b9f49d92d233032635472bf1a22808835c7542bc2dbf/fable_library-5.17.2-cp314-cp314-manylinux_2_5_i686.manylinux1_i686.whl", hash = "sha256:ad9b5ead8facd0605791950f0062a33d688a87928ed324fea3879e2ebb918697", size = 1464441, upload-time = "2026-09-12T20:36:44.15Z" },
    { url = "https://files.pythonhosted.org/packages/9d/14/c3a5e88762158c84cadaa4896d346e17117ca61f5f2d5cd8cce2888fa754/fable_library-5.17.2-cp314-cp314-musllinux_1_2_aarch64.whl", hash = "sha256:ddc5620441b525509006ccdaef0eefce9df1fae74badad3986055747e3e3c2a7", size = 1540208, upload-time = "2026-09-12T20:36:45.848Z" },
    { url = "https://files.pythonhosted.org/packages/dc/d1/20922864e9d304d200e7393a9e309fe9a0c743223fd0c12f03823f8296f0/fable_library-5.17.2-cp314-cp314-musllinux_1_2_armv7l.whl", hash = "sha256:8b39e3265635f084d893c8db7128a0b3850ac26928a0bcaf4b273981bbf09bf0", size = 1622547, upload-time = "2026-09-12T20:36:47.305Z" },
    { url = "https://files.pythonhosted.org/packages/61/50/16ee1d757c74e438d6ef37c207215a4350fee4ca474bdbb476af128d816f/fable_library-5.17.2-cp314-cp314-musllinux_1_2_i686.whl", hash = "sha256:a7b647d0ba5cfa9925b4e7e2d5348356fecf0964c20f74a531c5ca0fd786ef73", size = 1647673, upload-time = "2026-09-12T20:36:48.923Z" },
    { url = "https://files.pythonhosted.org/packages/e3/f5/bdaaa3cf79375e178741d50805438fbfeb5aac8d6968e2012c7a80f15374/fable_library-5.17.2-cp314-cp314-musllinux_1_2_x86_64.whl", hash = "sha256:2a52d70260f5935f32b85c77b50a03d261aeff3f473be54387616e9e1dd3e7d1", size = 1664777, upload-time = "2026-09-12T20:36:50.451Z" },
    { url = "https://files.pythonhosted.org/packages/7d/bf/661885cd74deedd26af9983d6bd9ae0cf7ca7d2d0a950ae472fdf4863857/fable_library-5.17.2-cp314-cp314-win32.whl", hash = "sha256:731566e4c8a724eb2b4fe83bb59c750795f116500102d1048588d77200866c80", size = 1271968, upload-time = "2026-09-12T20:36:52.008Z" },
    { url = "https://files.pythonhosted.org/packages/a9/2c/fc917828ca992bbff0d6d6a284fb4dc16ad4f5c5b16b06cd79873e546e41/fable_library-5.17.2-cp314-cp314-win_amd64.whl", hash = "sha256:1b4577e9fee08ad372c1a78de3dc73a24bba9c50fd528f59f889c96bc674383e", size = 1421734, upload-time = "2026-09-12T20:36:53.717Z" },
    { url = "https://files.pythonhosted.org/packages/95/b2/e9089a9db58557bbdab7e17d84b8ecc0cb7fff28433b59722a0747c8d0b5/fable_library-5.17.2-cp314-cp314t-manylinux_2_17_aarch64.manylinux2014_aarch64.whl", hash = "sha256:0427ce5abb096cd19100ab931c6e1ac288f8c5efcd930b52dfb603c434f8c908", size = 1367238, upload-time = "2026-09-12T20:36:55.172Z" },
    { url = "https://files.pythonhosted.org/packages/fb/28/55ddb1aeabb2011fe7f3268e700352f13cc5776e8c22668e55cddd73538b/fable_library-5.17.2-cp314-cp314t-manylinux_2_17_armv7l.manylinux2014_armv7l.whl", hash = "sha256:f87976679218640268094b5dd30c273724a293d98a1520f76a07b1c797f00ad4", size = 1343287, upload-time = "2026-09-12T20:36:56.648Z" },
    { url = "https://files.pythonhosted.org/packages/32/72/52033828155d43f7d53a8eb9c6b6cda4204793997e90be7a5cc980b8b1a0/fable_library-5.17.2-cp314-cp314t-manylinux_2_17_ppc64le.manylinux2014_ppc64le.whl", hash = "sha256:d26e3a8dbbaa1911109c18183df7d08e8749fea2d49693e40b34a49276c0c4ae", size = 1497407, upload-time = "2026-09-12T20:36:58.146Z" },
    { url = "https://files.pythonhosted.org/packages/67/29/d14b414bfb7e38ec1115fe89c6b31f1c6771f7993fa2d5793d5bbbccad0a/fable_library-5.17.2-cp314-cp314t-manylinux_2_17_s390x.manylinux2014_s390x.whl", hash = "sha256:6cee01e3920f68e334a5fa4d615f9fb33376e32f92108f82e9104cca1b859439", size = 1510926, upload-time = "2026-09-12T20:36:59.914Z" },
    { url = "https://files.pythonhosted.org/packages/8b/57/8f5b1dce7f11848a91c575db8fd8b173b21e8f43f6b903d98e7e017ac59a/fable_library-5.17.2-cp314-cp314t-manylinux_2_17_x86_64.manylinux2014_x86_64.whl", hash = "sha256:65e814082b30cc6cb70ddfe77169e676caf69a38c720494948305f55e14baacb", size = 1444883, upload-time = "2026-09-12T20:37:01.58Z" },
    { url = "https://files.pythonhosted.org/packages/ca/ac/681ab50b675f7a419ddc0a68bdc4cc047dd78d70b15438618fac008a91b9/fable_library-5.17.2-cp314-cp314t-manylinux_2_5_i686.manylinux1_i686.whl", hash = "sha256:65c97ef6d63ee1f81446e6e8859e12310192cd428741f37ae65a023e3391fe90", size = 1468427, upload-time = "2026-09-12T20:37:03.32Z" },
    { url = "https://files.pythonhosted.org/packages/74/03/4baefafbf6f6e10b79065cc93116e282d6ce046fb3fb77fe7fad7a891336/fable_library-5.17.2-cp314-cp314t-musllinux_1_2_aarch64.whl", hash = "sha256:343d1b381aea71c5c566722e77641a4ca6f180b7e4e25aaf96a4e29820677cd4", size = 1546270, upload-time = "2026-09-12T20:37:04.987Z" },
    { url = "https://files.pythonhosted.org/packages/22/ab/6f6da88c1dd3ba1463e4f11129b44d32abcf7517d35ff6117f460f54bab2/fable_library-5.17.2-cp314-cp314t-musllinux_1_2_armv7l.whl", hash = "sha256:dd51b2a6b7bf073c5457c17158d95e868f2eb7c12d354eda4a73d76cc1d8e5bf", size = 1621723, upload-time = "2026-09-12T20:37:06.628Z" },
    { url = "https://files.pythonhosted.org/packages/43/47/391edb9daf64e68ed4a3af6105a5e820fb6f700bf9b5ce25e6520505f19e/fable_library-5.17.2-cp314-cp314t-musllinux_1_2_i686.whl", hash = "sha256:822f9a90ef01684385c00f0a3619f7d00fddc6fa0d7ebae73dac6ece400a321e", size = 1653559, upload-time = "2026-09-12T20:37:08.112Z" },
    { url = "https://files.pythonhosted.org/packages/25/a4/5ed8cc24f61ffa082e3b76b049d9d4772d7466327fcce4fd9390cba03200/fable_library-5.17.2-cp314-cp314t-musllinux_1_2_x86_64.whl", hash = "sha256:5d4579d5d61eb51bda44c87b8537b9a05b9db920fcbad7c70d0ccf5a0f671630", size = 1675441, upload-time = "2026-09-12T20:37:09.841Z" },
    { url = "https://files.pythonhosted.org/packages/07/aa/829d97c915a0ad0cfcf6753064b0d38c15b8f03c6ad95dba1dd270666b2a/fable_library-5.17.2-cp315-cp315-manylinux_2_17_x86_64.manylinux2014_x86_64.whl", hash = "sha256:e512d216d0540b79e00cf658c8bb143c5fd068cca83a41f1602a9d7ed4d0041a", size = 1435473, upload-time = "2026-09-12T20:37:11.411Z" },
    { url = "https://files.pythonhosted.org/packages/92/7b/317ab4ac17dd37f765806cb78d44b977fe7a3bb5b4a4bfda2eaf129f7e14/fable_library-5.17.2-cp315-cp315-manylinux_2_5_i686.manylinux1_i686.whl", hash = "sha256:ba77c1d7e4608c27d10b86043663bafeaeae29cb704eee931817a4897ff8ee7b", size = 1464698, upload-time = "2026-09-12T20:37:12.913Z" },
    { url = "https://files.pythonhosted.org/packages/ab/93/46fbb5fd4c10331335262ee63fe6f2e863e4168abc6c28b6afefda29d979/fable_library-5.17.2-cp315-cp315t-manylinux_2_17_x86_64.manylinux2014_x86_64.whl", hash = "sha256:64336415bfb445ea74bb50b96d607c8c13b00482512e0639e28ebe4d7c8566b9", size = 1444975, upload-time = "2026-09-12T20:37:14.515Z" },
    { url = "https://files.pythonhosted.org/packages/f1/61/dd0ee634227d667c495c28e4a83c93d9c6943404f55e9079b800ffee4e8b/fable_library-5.17.2-cp315-cp315t-manylinux_2_5_i686.manylinux1_i686.whl", hash = "sha256:d2a68b38ae3c1d8dee4613ba257657ef7807350e950eeeb1b2535bd5f9ba91ee", size = 1468575, upload-time = "2026-09-12T20:37:16.04Z" },
]

[[package]]
name = "thoth-json"
version = "0.1.0"
source = { virtual = "." }
dependencies = [
    { name = "fable-library" },
]

[package.metadata]
requires-dist = [{ name = "fable-library" }]
