version = 1
revision = 3
requires-python = ">=3.12"

[[package]]
name = "fable-library"
version = "5.16.0"
source = { registry = "https://pypi.org/simple" }
sdist = { url = "https://files.pythonhosted.org/packages/22/eb/fe81c8aba0c469f7c12fa908de37a4bf160f33ed98cea0c4396e17bae947/fable_library-5.16.0.tar.gz", hash = "sha256:dcaa91f0b8248eb1cb1ab365c8a0085394a4ec4391cfafb1b5e1e8d21769b858", size = 248225, upload-time = "2026-09-03T19:39:25.155Z" }
wheels = [
    { url = "https://files.pythonhosted.org/packages/96/c5/9f6de43ddbd1f93f5bc6eb016cee54b5b04d444171c6a6ef728833f26915/fable_library-5.16.0-cp312-cp312-macosx_10_12_x86_64.whl", hash = "sha256:c70d23cd98aa9598c2f06841e6fe22ce5e1a0fdf9aec726da36b33b7a62a4f48", size = 1403766, upload-time = "2026-09-03T19:37:54.346Z" },
    { url = "https://files.pythonhosted.org/packages/fd/d5/8fb3e5b3e8bec08b1a7cc017f4028795c401091757e60098f9409ab8451b/fable_library-5.16.0-cp312-cp312-macosx_11_0_arm64.whl", hash = "sha256:73d9f4fbd6adf545120a77c29a222e59c728db6a2ac5116aac37ba7d5e6e1954", size = 1312010, upload-time = "2026-09-03T19:37:55.398Z" },
    { url = "https://files.pythonhosted.org/packages/99/b2/8995a8b8d222a1854c30a55a749b256f9b2827f0b24e84eb320ad49d0177/fable_library-5.16.0-cp312-cp312-manylinux_2_17_aarch64.manylinux2014_aarch64.whl", hash = "sha256:1403481b4b865854ec894591ccdf6614a50d1293173b58ae5d103accb88b6666", size = 1360618, upload-time = "2026-09-03T19:37:56.577Z" },
    { url = "https://files.pythonhosted.org/packages/a3/e1/2681854c3fb059313bdd6ca3e38b5caef76ded1e305ce952a6dc3231b657/fable_library-5.16.0-cp312-cp312-manylinux_2_17_armv7l.manylinux2014_armv7l.whl", hash = "sha256:212677ec2c4782d4ebc5bf2dd9402163f515aa55f8025bae4f6c64915b7645d8", size = 1341646, upload-time = "2026-09-03T19:37:58.419Z" },
    { url = "https://files.pythonhosted.org/packages/05/6f/13d6ae11b3547f3af21e5bb68036d0eb5153cf4e40c3fa15a16d4cc7c7cc/fable_library-5.16.0-cp312-cp312-manylinux_2_17_ppc64le.manylinux2014_ppc64le.whl", hash = "sha256:14286130315fe90c96d87bac2351e728cb675ea5a7e15865ce7f8cdecacbe06f", size = 1485793, upload-time = "2026-09-03T19:37:59.56Z" },
    { url = "https://files.pythonhosted.org/packages/00/a7/7f4199ce4cf277ef759b6aa4f1fdca2692feb9e584a57f76607819b04114/fable_library-5.16.0-cp312-cp312-manylinux_2_17_s390x.manylinux2014_s390x.whl", hash = "sha256:12be44db412b96fa57dcedc8ef69899608de65417e89182944e7f34b22f00239", size = 1500764, upload-time = "2026-09-03T19:38:00.87Z" },
    { url = "https://files.pythonhosted.org/packages/ef/80/cc8bdbabe4dbd6908bf0b5d912d6964a57e908ac3d35260476ae8e5449c5/fable_library-5.16.0-cp312-cp312-manylinux_2_17_x86_64.manylinux2014_x86_64.whl", hash = "sha256:2efd044bc6ea3d10d7cc8704b88dd0964ca49e8e5896c7650f5e8cff528d0853", size = 1431779, upload-time = "2026-09-03T19:38:01.983Z" },
    { url = "https://files.pythonhosted.org/packages/40/89/fc7ffc079fe3967cefb36b601c5863528191a06d0f090e48a51a1b79e429/fable_library-5.16.0-cp312-cp312-manylinux_2_5_i686.manylinux1_i686.whl", hash = "sha256:4b5579e8bd2f3c324017d5cbe8e6ed2e5da07bbfc0e4cb0d9339c3630d15f255", size = 1461634, upload-time = "2026-09-03T19:38:03.318Z" },
    { url = "https://files.pythonhosted.org/packages/d9/6b/db4a01325561438e9938569d963841d9bd965cddb3f3d7ca2931a404e703/fable_library-5.16.0-cp312-cp312-musllinux_1_2_aarch64.whl", hash = "sha256:c0442eaae058c681ef58d13716ae419950b14ab83759fbcb6eadbfc369769675", size = 1538098, upload-time = "2026-09-03T19:38:04.449Z" },
    { url = "https://files.pythonhosted.org/packages/12/82/a441a02e840c79d63f93ac48dc6787c9d3620c272fc0fd9b49b5ede56b9a/fable_library-5.16.0-cp312-cp312-musllinux_1_2_armv7l.whl", hash = "sha256:b2c27886df3d270ed78b3b0bed305cf922275c75b399d1cb3e876d81f412e534", size = 1619799, upload-time = "2026-09-03T19:38:05.845Z" },
    { url = "https://files.pythonhosted.org/packages/1b/bc/442575b9f2df10dc5b528decfe725e1d8fc5829cec662349d2127964c944/fable_library-5.16.0-cp312-cp312-musllinux_1_2_i686.whl", hash = "sha256:f0efd8acdb8d8659e27273aed22a25aee9152264cd1ae276c925082ce05f66ea", size = 1642512, upload-time = "2026-09-03T19:38:07.19Z" },
    { url = "https://files.pythonhosted.org/packages/4f/ec/9d30c3f6ee9d2ea310127ca029d572322526e1470e81c6689ac3a1c6c84a/fable_library-5.16.0-cp312-cp312-musllinux_1_2_x86_64.whl", hash = "sha256:7269740bc472cf25f2d4413b89200c6e065e51af3959858f6eb520b591de96ce", size = 1661942, upload-time = "2026-09-03T19:38:08.553Z" },
    { url = "https://files.pythonhosted.org/packages/82/4e/77aa50f4342761dad0c439f36991ebee9e891b39d35c93ad229132bb7367/fable_library-5.16.0-cp312-cp312-win_amd64.whl", hash = "sha256:562b165bad82b78269d876f832a638a71dff83dc75f560a059db7eed5a7a55e1", size = 1417129, upload-time = "2026-09-03T19:38:09.879Z" },
    { url = "https://files.pythonhosted.org/packages/f6/94/0350469cf0564a91c635c5d5010d75bbeea7d4cdc196464067ca8f0b8dee/fable_library-5.16.0-cp313-cp313-macosx_10_12_x86_64.whl", hash = "sha256:74cd59a5ef7202e3da3f1284a341980b6c3d5cf960e9f1a495546cb1b0df0332", size = 1404740, upload-time = "2026-09-03T19:38:11.171Z" },
    { url = "https://files.pythonhosted.org/packages/51/2f/da49a129b5bdcf159863020048cc3c4b1e770c1635e4199452a1a4486096/fable_library-5.16.0-cp313-cp313-macosx_11_0_arm64.whl", hash = "sha256:f5dc9d2df4a44636c209d60e93d18d66953f799dc33f8e4cc6f1980750472153", size = 1312414, upload-time = "2026-09-03T19:38:12.52Z" },
    { url = "https://files.pythonhosted.org/packages/58/36/2e8166ad32423dca28d4035e99c2c36f44888b041c6d6b970e415b56a496/fable_library-5.16.0-cp313-cp313-manylinux_2_17_aarch64.manylinux2014_aarch64.whl", hash = "sha256:0b3da1e947923e01514884e3228a364dd23da0295014403f15d349de5c48f876", size = 1360321, upload-time = "2026-09-03T19:38:13.813Z" },
    { url = "https://files.pythonhosted.org/packages/31/15/fb56d793f13f58f627ede8169544ca106f33c07fe54065bee761a3fe1ae0/fable_library-5.16.0-cp313-cp313-manylinux_2_17_armv7l.manylinux2014_armv7l.whl", hash = "sha256:f3cf52e6d0af73491ef98da99c81c2a1df8d93655b24d1cdac532e93afca9085", size = 1341652, upload-time = "2026-09-03T19:38:15.367Z" },
    { url = "https://files.pythonhosted.org/packages/a8/b6/ce422abd0ec34329fb070de3587b70ac9ee1745e41a6db5d717ff8c8e967/fable_library-5.16.0-cp313-cp313-manylinux_2_17_ppc64le.manylinux2014_ppc64le.whl", hash = "sha256:a0470bf1ed69e3cb38d19d423f40489f002365240055d24d7e377ac866a559c6", size = 1486597, upload-time = "2026-09-03T19:38:16.756Z" },
    { url = "https://files.pythonhosted.org/packages/67/2f/ba43f835fba4aa1eeebe879ee73b5e1b06bdccacca5a65bb6b6e956643c8/fable_library-5.16.0-cp313-cp313-manylinux_2_17_s390x.manylinux2014_s390x.whl", hash = "sha256:2da1168813ea3a0b7b4739de9d175f969f6d6acc4276a566b0bbc82bf42c2b55", size = 1500971, upload-time = "2026-09-03T19:38:18.12Z" },
    { url = "https://files.pythonhosted.org/packages/68/97/971b4fa22bdf013836a2590efb1cbcef51d04331bef33e56017749201b82/fable_library-5.16.0-cp313-cp313-manylinux_2_17_x86_64.manylinux2014_x86_64.whl", hash = "sha256:107426a08b78c499685f637c47544d0d378259ab38d8f14218307df60fa78183", size = 1432574, upload-time = "2026-09-03T19:38:20.132Z" },
    { url = "https://files.pythonhosted.org/packages/1d/93/c704cabbbea3ff995259f63169615bbe5081aad557bbcd7a6d4baa8c7c24/fable_library-5.16.0-cp313-cp313-manylinux_2_5_i686.manylinux1_i686.whl", hash = "sha256:2e9723847b8963c1903bfdf5711c3a67210a732ed7f35d4f77484013760eeb77", size = 1461423, upload-time = "2026-09-03T19:38:21.443Z" },
    { url = "https://files.pythonhosted.org/packages/56/31/58fd26224eaeb20c25b234e79cff0254e0bfd1d931c33f878954c9528a0d/fable_library-5.16.0-cp313-cp313-musllinux_1_2_aarch64.whl", hash = "sha256:e398fb2c4f8d2de1136a785aa97a8340f76d4adcb6c4b7b6c5a56032792fb86e", size = 1538199, upload-time = "2026-09-03T19:38:22.819Z" },
    { url = "https://files.pythonhosted.org/packages/0d/40/34f7905b100e2d1c0a1717bb6048e27de0fcb39c8b60984d0c146013e68b/fable_library-5.16.0-cp313-cp313-musllinux_1_2_armv7l.whl", hash = "sha256:42d592231d248cee4d71d73182150271397da8c2633e7dfbbb32fa2c4e22ca3e", size = 1619637, upload-time = "2026-09-03T19:38:24.485Z" },
    { url = "https://files.pythonhosted.org/packages/a2/95/e9264ce0e0c61602a185221a1253476cbe8ef4af7cade82184a2f6070d25/fable_library-5.16.0-cp313-cp313-musllinux_1_2_i686.whl", hash = "sha256:4da526247a39299301ff43db135619ea5206110aaf2ae44efeb7085e5b1cdebd", size = 1645417, upload-time = "2026-09-03T19:38:26.076Z" },
    { url = "https://files.pythonhosted.org/packages/8f/9a/334c868f31d11b3233759fa2fe7ff121de951571626790b8d63484714052/fable_library-5.16.0-cp313-cp313-musllinux_1_2_x86_64.whl", hash = "sha256:e33d14415d2fd864578487b64b68d2ef041c9bec6edb7af71370843e32e8b732", size = 1662140, upload-time = "2026-09-03T19:38:27.327Z" },
    { url = "https://files.pythonhosted.org/packages/71/c3/fca74bcfd42caafad354b4e9f03e46ed5642bf5b5ee0e8e6ffa061d0f201/fable_library-5.16.0-cp313-cp313-win_amd64.whl", hash = "sha256:ab1b728d587fa16428dcf42c97f6cba808ac4e6e03e4956894704cf8dcecc518", size = 1420207, upload-time = "2026-09-03T19:38:28.904Z" },
    { url = "https://files.pythonhosted.org/packages/de/1f/dfd93788aab0593eea5fd6036aa9b16bcbb6d4845edb0ea4883b1d0bb141/fable_library-5.16.0-cp314-cp314-macosx_10_12_x86_64.whl", hash = "sha256:830d03cf987ca7ec2cfc167805ce2d6c3de0958604b8cc5331c8690f199ffbbd", size = 1405649, upload-time = "2026-09-03T19:38:30.307Z" },
    { url = "https://files.pythonhosted.org/packages/ec/f7/9884e623f946a20f78a0a6d50a0879c5f444087dcd02361c91ac45fc35fd/fable_library-5.16.0-cp314-cp314-macosx_11_0_arm64.whl", hash = "sha256:1f6c2e991b0a710254dd615dbd9a0029d1725a882658f399144b059690b0dbb4", size = 1312153, upload-time = "2026-09-03T19:38:31.687Z" },
    { url = "https://files.pythonhosted.org/packages/36/79/a4062fdce50686473eab567cb5c0b4505870a7d3c6c6e8f95ce71da1c977/fable_library-5.16.0-cp314-cp314-manylinux_2_17_aarch64.manylinux2014_aarch64.whl", hash = "sha256:cd2a13a3b353517a2b23b3b560cf102d0222e59bf512c2f817a10b75d1d02bcc", size = 1362170, upload-time = "2026-09-03T19:38:33.184Z" },
    { url = "https://files.pythonhosted.org/packages/d9/5b/272751fef8d21ac17e6fed73ca168feaae0857619d2f9d6bc75b6d9e110f/fable_library-5.16.0-cp314-cp314-manylinux_2_17_armv7l.manylinux2014_armv7l.whl", hash = "sha256:5830d8dac7aa3988293e06f0365cd966f8bf037ea0aa2020313a5fe86366370e", size = 1342855, upload-time = "2026-09-03T19:38:34.727Z" },
    { url = "https://files.pythonhosted.org/packages/26/c7/006846deaec2377316809028825c7d3f8da07cb30731b36c362916a8a9c3/fable_library-5.16.0-cp314-cp314-manylinux_2_17_ppc64le.manylinux2014_ppc64le.whl", hash = "sha256:f4961e1b0afdfd80edd464a3f846dd27e987f6bd034d83f806429f7fc19ca392", size = 1487640, upload-time = "2026-09-03T19:38:36.106Z" },
    { url = "https://files.pythonhosted.org/packages/64/db/d6e5bdf05d3ae00069564a0d3016dab880460311c8630844bb0a709aab51/fable_library-5.16.0-cp314-cp314-manylinux_2_17_s390x.manylinux2014_s390x.whl", hash = "sha256:96ad3d8bd41a5b2415125ab5417b423a498aa2fb41d1d746a11006ea219b1658", size = 1501344, upload-time = "2026-09-03T19:38:37.594Z" },
    { url = "https://files.pythonhosted.org/packages/44/5c/39b95fc8db86369f0622aee38d175cc97f231b1f861f7d1eac8b35585167/fable_library-5.16.0-cp314-cp314-manylinux_2_17_x86_64.manylinux2014_x86_64.whl", hash = "sha256:8d646995edcdfd38a7f9f0ee552701324a421e14b496ed908522007884deff31", size = 1433387, upload-time = "2026-09-03T19:38:39.047Z" },
    { url = "https://files.pythonhosted.org/packages/cd/42/b5e15de7d5052a4e95edb929b903f6b9ea6df9354587e7f880304977afac/fable_library-5.16.0-cp314-cp314-manylinux_2_5_i686.manylinux1_i686.whl", hash = "sha256:b452d36cd20386aede390de14331043975c34208271a78f3367a58ea989c9ef2", size = 1462598, upload-time = "2026-09-03T19:38:40.511Z" },
    { url = "https://files.pythonhosted.org/packages/5b/b7/4518ef419784062e40abc26e43852efc5d61502d35c078bf044e775e4a6d/fable_library-5.16.0-cp314-cp314-musllinux_1_2_aarch64.whl", hash = "sha256:276184e15761de61101a10d7930473e46711e03245121ee8734a9b05de140252", size = 1538510, upload-time = "2026-09-03T19:38:41.868Z" },
    { url = "https://files.pythonhosted.org/packages/94/ac/e656575c15434c86837f78f72e15856c4f12eca68ea59be58516019c4f9b/fable_library-5.16.0-cp314-cp314-musllinux_1_2_armv7l.whl", hash = "sha256:35121338cdf15504b214c25d99d3fed3306028d4acd2c4cf5add98cb98ca04cf", size = 1620559, upload-time = "2026-09-03T19:38:43.205Z" },
    { url = "https://files.pythonhosted.org/packages/2e/7d/e2c6c8bead3238107dd25c248b1a8c2dbe8990f3b63f6b98f6c6b64bea8d/fable_library-5.16.0-cp314-cp314-musllinux_1_2_i686.whl", hash = "sha256:18a855a3a576992cfc9ccf868286d883b0ac36486a88c6c9f6dd7aa4efa86d53", size = 1646185, upload-time = "2026-09-03T19:38:44.511Z" },
    { url = "https://files.pythonhosted.org/packages/3a/8e/89f273e604c55f091f0fe5cbf48831a2b1824c5bcd66c1107ca9686fb25a/fable_library-5.16.0-cp314-cp314-musllinux_1_2_x86_64.whl", hash = "sha256:12290ccbc25a9400f6c3a53599300e5e3404bca09df7144d5d871b0f1b885380", size = 1663073, upload-time = "2026-09-03T19:38:45.946Z" },
    { url = "https://files.pythonhosted.org/packages/83/25/bf25d0de7f6ff06a5a59055b1b774e5599ff50f31f456109681d364ff8b7/fable_library-5.16.0-cp314-cp314-win32.whl", hash = "sha256:9ebbe61c78ebd3c7a066f895cdfe0a3f01d7e262378b1d5de4963f91f47beea4", size = 1269933, upload-time = "2026-09-03T19:38:47.568Z" },
    { url = "https://files.pythonhosted.org/packages/07/bb/b47f2a4a618c4737e8d90d81ff394e3a0a6f0f6630f9eab70e2733166ecd/fable_library-5.16.0-cp314-cp314-win_amd64.whl", hash = "sha256:225c1e5e9c81be40376b2839b7c1b4f720f9e77a1e9c1f7ca7795c4656beaa43", size = 1419131, upload-time = "2026-09-03T19:38:49.199Z" },
    { url = "https://files.pythonhosted.org/packages/46/69/41f97aade0c17a47fb17719df60a5fa69c6b9a32b1aac3d6e74af74998f7/fable_library-5.16.0-cp314-cp314t-manylinux_2_17_aarch64.manylinux2014_aarch64.whl", hash = "sha256:9bf93f1bde19784c8706a2919706fdac94cc1cc4b03ec6f26a799f6df3ed3210", size = 1365725, upload-time = "2026-09-03T19:38:50.507Z" },
    { url = "https://files.pythonhosted.org/packages/0e/a1/ce853d9429c129c93d2b70e225e11151a0c43bfb22c7e75e4f28178df3a0/fable_library-5.16.0-cp314-cp314t-manylinux_2_17_armv7l.manylinux2014_armv7l.whl", hash = "sha256:605d500640f23683e9bdfe14ddcc78d904b75165aae09ce7d7a85a6996f7c8c4", size = 1341541, upload-time = "2026-09-03T19:38:52.079Z" },
    { url = "https://files.pythonhosted.org/packages/6f/a3/1b037f38f5eb9b896f3a4f054f05df7cccdb02c48644e47e5737d1507832/fable_library-5.16.0-cp314-cp314t-manylinux_2_17_ppc64le.manylinux2014_ppc64le.whl", hash = "sha256:00ac2d0cf24f4f5e2a16972d02af5c2cea0b224228ca82c1b02c31793001db26", size = 1495015, upload-time = "2026-09-03T19:38:53.423Z" },
    { url = "https://files.pythonhosted.org/packages/80/85/56e889c07219ff34403ed6a0846b5406d3cf729a24ed98633034907ac0a6/fable_library-5.16.0-cp314-cp314t-manylinux_2_17_s390x.manylinux2014_s390x.whl", hash = "sha256:bf31b06d572c96f574e006a3cf5a519eadbfcf5190a209cb0f76c3a05ed5a316", size = 1508707, upload-time = "2026-09-03T19:38:54.907Z" },
    { url = "https://files.pythonhosted.org/packages/da/8c/df4e3957429ce0614be1da8ff52320fc876c5a6357b78534296bd94dcc5a/fable_library-5.16.0-cp314-cp314t-manylinux_2_17_x86_64.manylinux2014_x86_64.whl", hash = "sha256:960d0f1767bfd39f971d3c0a685a4bcfffff342de1d91c5cb14a9df42d07d989", size = 1442930, upload-time = "2026-09-03T19:38:56.442Z" },
    { url = "https://files.pythonhosted.org/packages/0f/a8/b5690b7dadf03b7a042162b05f0b73e7b1e0039f2ea3d5d9d40ff260de33/fable_library-5.16.0-cp314-cp314t-manylinux_2_5_i686.manylinux1_i686.whl", hash = "sha256:779374c2ce8d973d5619bf794a77a8b2323726cc240577e81f352a1108482fce", size = 1466335, upload-time = "2026-09-03T19:38:57.741Z" },
    { url = "https://files.pythonhosted.org/packages/de/88/5bcc7e30583559a6c77b019c36084035bd4651be49d96b14bf105b8c61f4/fable_library-5.16.0-cp314-cp314t-musllinux_1_2_aarch64.whl", hash = "sha256:4ad23730823372bb3747f29a91f7eeefc31327472ca15e0c9bace8295b18359b", size = 1544589, upload-time = "2026-09-03T19:38:59.17Z" },
    { url = "https://files.pythonhosted.org/packages/7a/56/fad6c67bcaf620120d82bfa0e96107e5ea105b70c81a544001ab1ea7413a/fable_library-5.16.0-cp314-cp314t-musllinux_1_2_armv7l.whl", hash = "sha256:c0f5d27082f7d17b2829652ab1ae46cef026aaf9853e8a6173921e616253582f", size = 1620194, upload-time = "2026-09-03T19:39:00.576Z" },
    { url = "https://files.pythonhosted.org/packages/a3/10/0c135ed955439d05375e9d8ea6bba3bf94424b54cc5f13f85e7f2c0ad7d1/fable_library-5.16.0-cp314-cp314t-musllinux_1_2_i686.whl", hash = "sha256:5d722ecad081b32bee3fa17972dcaf2a0de9b9860ae80fd227eb29de73f5751b", size = 1651707, upload-time = "2026-09-03T19:39:01.92Z" },
    { url = "https://files.pythonhosted.org/packages/40/68/267b9f21607cea32ac4f2a4c32ffef979f13cc9381a93e525739fe60c4b0/fable_library-5.16.0-cp314-cp314t-musllinux_1_2_x86_64.whl", hash = "sha256:16b2068620f25c9b4ecce1ff63932a6848debabfb60bf6ba0638b55174186867", size = 1673470, upload-time = "2026-09-03T19:39:03.331Z" },
    { url = "https://files.pythonhosted.org/packages/85/a1/ea5f57c53397f8bc8496901b3315a02f455ec4f27c04c56c7d0731c0454a/fable_library-5.16.0-cp315-cp315-manylinux_2_17_x86_64.manylinux2014_x86_64.whl", hash = "sha256:e9b27e36f1ef5dd9c5a9b3888c7f47a99dc2924e2f8cdf461ec647537519fd70", size = 1433316, upload-time = "2026-09-03T19:39:04.579Z" },
    { url = "https://files.pythonhosted.org/packages/25/60/7c35ab5092ee007ca9d3680e635adc4bf1e8f2255791c841d683110b8da3/fable_library-5.16.0-cp315-cp315-manylinux_2_5_i686.manylinux1_i686.whl", hash = "sha256:85de5d5bf0a1da0c7fccfc28bd36902cabcedb94dac577230ab5bdb2f1823283", size = 1462817, upload-time = "2026-09-03T19:39:06.232Z" },
    { url = "https://files.pythonhosted.org/packages/fe/4f/05f79f4217d4ff2f4e416d8ecb13c63ee98857c8ccf21e769ea6984ff3e8/fable_library-5.16.0-cp315-cp315t-manylinux_2_17_x86_64.manylinux2014_x86_64.whl", hash = "sha256:69abe4b3cf796e348908589569b6b9f678a6fd54ae466a48af3c9cde89410329", size = 1442346, upload-time = "2026-09-03T19:39:07.626Z" },
    { url = "https://files.pythonhosted.org/packages/a2/dc/0473a8938d19fb5a2ffe6fe48eb4a0a8bbf55b93780df1b54f8de27a3967/fable_library-5.16.0-cp315-cp315t-manylinux_2_5_i686.manylinux1_i686.whl", hash = "sha256:bc4587795960ff026f3645022f6856993b21d4f8434d0f604d5e0652b15f9aff", size = 1466694, upload-time = "2026-09-03T19:39:08.985Z" },
]

[[package]]
name = "thoth-json"
version = "0.1.0"
source = { virtual = "." }
dependencies = [
    { name = "fable-library" },
]

[package.metadata]
requires-dist = [{ name = "fable-library" }]
