version = 1
revision = 3
requires-python = ">=3.12"

[[package]]
name = "fable-library"
version = "5.0.0a21"
source = { registry = "https://pypi.org/simple" }
sdist = { url = "https://files.pythonhosted.org/packages/f9/fc/7509b9fa5c2fb47861ffd1bd866969bc8c5b8a576d739d617db6a741dc7f/fable_library-5.0.0a21.tar.gz", hash = "sha256:00574343fcf4da48509e5028b7b7083d12c8714924cd22ad7affbbbf49f7e0c4", size = 201498, upload-time = "2025-12-15T16:57:15.629Z" }
wheels = [
    { url = "https://files.pythonhosted.org/packages/12/ad/b50d5e2f52e78f5fc27300ab85634afd68bb9a1749a67060a5cd7f66603c/fable_library-5.0.0a21-cp312-cp312-macosx_10_12_x86_64.whl", hash = "sha256:5f86cef2e506b0cafab9f67cbaae4858fd2f3b2bc8860b56e31b48e1a83bcd1c", size = 1679220, upload-time = "2025-12-15T16:56:24.102Z" },
    { url = "https://files.pythonhosted.org/packages/f9/cb/af81782432d366eaa66e33dbbefa3f7c94fb2891ab4e73a7d7044a254220/fable_library-5.0.0a21-cp312-cp312-macosx_11_0_arm64.whl", hash = "sha256:738dea9483156cbfcdf9786142d7bdf3745013ac57672d5f23650067b675c09d", size = 1598364, upload-time = "2025-12-15T16:56:19.104Z" },
    { url = "https://files.pythonhosted.org/packages/44/43/fcbf4266130009c024d95ce6a4daae4d54733fefeeb34fa97f38a1bd616b/fable_library-5.0.0a21-cp312-cp312-manylinux_2_17_aarch64.manylinux2014_aarch64.whl", hash = "sha256:6d655ebe556df59dbf37796e544f4e4f1a18d7c7d7cd6ad3af60291556aeaf7c", size = 1680823, upload-time = "2025-12-15T16:55:17.149Z" },
    { url = "https://files.pythonhosted.org/packages/42/3b/9ad6c7db9167307ca56b21d11b7e329facd12860631aa865402a2ef17e4f/fable_library-5.0.0a21-cp312-cp312-manylinux_2_17_armv7l.manylinux2014_armv7l.whl", hash = "sha256:c29c4916e40bc506dda2ea8300c0f09307cbc1d1f8e276587a015a08981b6aa7", size = 1658897, upload-time = "2025-12-15T16:55:29.807Z" },
    { url = "https://files.pythonhosted.org/packages/e1/b3/53c7bc1e5247c799e4e660973088bdf2bc1968f11b7fdc684fb746cdcd03/fable_library-5.0.0a21-cp312-cp312-manylinux_2_17_ppc64le.manylinux2014_ppc64le.whl", hash = "sha256:296a2310786a574ac5dc3e184ca3a896050640d19fe3f6f704b2cedf257d58c4", size = 1862006, upload-time = "2025-12-15T16:55:41.028Z" },
    { url = "https://files.pythonhosted.org/packages/e9/c4/f2a0121e07d095cc1ffd1b89cc134d9717d0d11c914347ebc214f532d235/fable_library-5.0.0a21-cp312-cp312-manylinux_2_17_s390x.manylinux2014_s390x.whl", hash = "sha256:ca439be8d6bd8b26a9965dc8c68810e887c60fdcd70e90452d117b2d75cab4f1", size = 1797192, upload-time = "2025-12-15T16:55:52.136Z" },
    { url = "https://files.pythonhosted.org/packages/28/c8/63ed2633b16d52adfba0b4b1fcd3c4fe622f7678168135c92d4d1e759e10/fable_library-5.0.0a21-cp312-cp312-manylinux_2_17_x86_64.manylinux2014_x86_64.whl", hash = "sha256:0947a2ca5dbe04dfd1171ed02df33d24f32cf13cce90e704f90431c90bca876a", size = 1712419, upload-time = "2025-12-15T16:56:11.984Z" },
    { url = "https://files.pythonhosted.org/packages/d2/93/f99b204bead03773f1d60eb08a81b3e35f493e487560484d559a6645814d/fable_library-5.0.0a21-cp312-cp312-manylinux_2_5_i686.manylinux1_i686.whl", hash = "sha256:a33ae7efbff7cbdd9eb4668493adf5a9e759a20cc7430006d75f3e61c28e5d15", size = 1806207, upload-time = "2025-12-15T16:56:03.539Z" },
    { url = "https://files.pythonhosted.org/packages/d6/73/d8dcf7d813cc0e370d01e6f032c6d02c68e0a1975fa6450ad63e22ea61f2/fable_library-5.0.0a21-cp312-cp312-musllinux_1_2_aarch64.whl", hash = "sha256:2b874d720199da165d82a6049ec3338ecb2727dd0233f120c6cf0c7f97c4420d", size = 1862511, upload-time = "2025-12-15T16:56:32.086Z" },
    { url = "https://files.pythonhosted.org/packages/08/54/5d4342174254805ebf671f6dd489fad9a5140d6bf00bc1d42407974e92cc/fable_library-5.0.0a21-cp312-cp312-musllinux_1_2_armv7l.whl", hash = "sha256:a57fe6044df6bfbb8d421c6ac5f5b2a53ef7193b138212db2881eda2b7b08faf", size = 1927949, upload-time = "2025-12-15T16:56:44Z" },
    { url = "https://files.pythonhosted.org/packages/8e/d3/e1ba2f4fdc2109eaca12cda870e2782192b3067e2c5b7d619dec6204097e/fable_library-5.0.0a21-cp312-cp312-musllinux_1_2_i686.whl", hash = "sha256:80c5c884c83536e94e429ce7d07f995bbe05153eea629f512308dd8043d8661b", size = 1957284, upload-time = "2025-12-15T16:56:55.04Z" },
    { url = "https://files.pythonhosted.org/packages/37/f6/60c87687cff9634edbbb238c21c3b257ca4da03b2288873c7e391e93e145/fable_library-5.0.0a21-cp312-cp312-musllinux_1_2_x86_64.whl", hash = "sha256:997858c7d665f05f8bd121fb55ee5632644ccc084aec01b5af8a594fcd71c40c", size = 1972240, upload-time = "2025-12-15T16:57:06.871Z" },
    { url = "https://files.pythonhosted.org/packages/60/23/1dea8151e9994154d61ef54c770ccc0c952e149ae95c0c7e859162b2e001/fable_library-5.0.0a21-cp312-cp312-win_amd64.whl", hash = "sha256:75b1df34665861c7f89fccd7c1718cf741df01777bcd3c90c850fe0926f753d0", size = 1443854, upload-time = "2025-12-15T16:57:20.389Z" },
    { url = "https://files.pythonhosted.org/packages/d3/c7/fb25e513e49f5d284b70f994fbd5b5090f87448253ea9ac43185146d46d9/fable_library-5.0.0a21-cp313-cp313-macosx_10_12_x86_64.whl", hash = "sha256:4acc923cf88d46966db1989297cf838903cad766b41588d0c62295cca5bd6494", size = 1679493, upload-time = "2025-12-15T16:56:25.422Z" },
    { url = "https://files.pythonhosted.org/packages/71/1d/12626882347ac9bd861b63a78abb14d8a611c5a1d02c509e5ccb3fadcbfd/fable_library-5.0.0a21-cp313-cp313-macosx_11_0_arm64.whl", hash = "sha256:bfcb8dff2e2de20f650f6f310a8a8bb082a94de21c0c1d33862b801576450c3a", size = 1598225, upload-time = "2025-12-15T16:56:20.282Z" },
    { url = "https://files.pythonhosted.org/packages/e5/28/fe6480ae476b7199fbe51d3562cbd085c5e98d88cfdaa4ce28d9f6b4b325/fable_library-5.0.0a21-cp313-cp313-manylinux_2_17_aarch64.manylinux2014_aarch64.whl", hash = "sha256:ce0d7c07ee30dedca6c49ef9d6a445e09bd6a054e9c1768ad8cc5b6e04719df2", size = 1680402, upload-time = "2025-12-15T16:55:18.555Z" },
    { url = "https://files.pythonhosted.org/packages/40/66/b8414db09e81406de30b9c5c924149266cb104f06d434cdcb945f48319c4/fable_library-5.0.0a21-cp313-cp313-manylinux_2_17_armv7l.manylinux2014_armv7l.whl", hash = "sha256:903a47e2d15a142228868598570eec0e3602b49d3751262b55ac812202a8bb3c", size = 1658601, upload-time = "2025-12-15T16:55:31.045Z" },
    { url = "https://files.pythonhosted.org/packages/b9/a0/e136056406cc02f45a93c8ba69abcf00d58235f929b0bf1a3bae7ca586af/fable_library-5.0.0a21-cp313-cp313-manylinux_2_17_ppc64le.manylinux2014_ppc64le.whl", hash = "sha256:1968a47644fd3a04bb1610fe8737ede16dcdabe2abea62b9687049752c91008f", size = 1862517, upload-time = "2025-12-15T16:55:42.279Z" },
    { url = "https://files.pythonhosted.org/packages/a8/03/98b5a57befc61b1215dfdab81d847e686ed3b8395e8d3e0f218c584871ed/fable_library-5.0.0a21-cp313-cp313-manylinux_2_17_s390x.manylinux2014_s390x.whl", hash = "sha256:840e1b13ae04dfa7ec18d451bcb2c851ef5fd0d35bfec9fa7c7ae5a9e78c96be", size = 1797276, upload-time = "2025-12-15T16:55:53.472Z" },
    { url = "https://files.pythonhosted.org/packages/6c/74/ee7491896256d527e1dd688af683584feff8f7c532f235acdb3974fba3f2/fable_library-5.0.0a21-cp313-cp313-manylinux_2_17_x86_64.manylinux2014_x86_64.whl", hash = "sha256:0e8e3a6d3858975b68566fd90a1c64f07759bd3fc0739693e57946618b576721", size = 1711971, upload-time = "2025-12-15T16:56:13.525Z" },
    { url = "https://files.pythonhosted.org/packages/c7/44/0ece2d09ee2cc6ea86c92992fa26c1f74be57ca3250eb0221107b0d8e4e7/fable_library-5.0.0a21-cp313-cp313-manylinux_2_5_i686.manylinux1_i686.whl", hash = "sha256:1f16bc2094308697b06b396f058eda9e539af286692ffd98b690c27b06196349", size = 1806448, upload-time = "2025-12-15T16:56:04.865Z" },
    { url = "https://files.pythonhosted.org/packages/b5/a0/2698843c377af853cecf0bb69b9fcbaf793a5be7aa9021cf8b8018319f5b/fable_library-5.0.0a21-cp313-cp313-musllinux_1_2_aarch64.whl", hash = "sha256:9c5f1129068691dfafaafd67cc322f973c3c4f41d30e4a3e532bb109709d76e2", size = 1861794, upload-time = "2025-12-15T16:56:33.525Z" },
    { url = "https://files.pythonhosted.org/packages/af/c0/e7d07367ca501fc93d6ba485a5e76b038c670b247218daca591bf52d1275/fable_library-5.0.0a21-cp313-cp313-musllinux_1_2_armv7l.whl", hash = "sha256:9ca3aab9844a5461f46d0f4d6bf7d2a0ab9f87b28518f2fafd1c004cd954a35e", size = 1927853, upload-time = "2025-12-15T16:56:45.447Z" },
    { url = "https://files.pythonhosted.org/packages/08/41/ea5f4ab6b419b634f6faa9888863052169f05004f8f277d39f6ae75996d9/fable_library-5.0.0a21-cp313-cp313-musllinux_1_2_i686.whl", hash = "sha256:c3de19fa46a023ca040783aa464203b8d8f400d8de93b585685bd8ed1e5cf566", size = 1957231, upload-time = "2025-12-15T16:56:56.698Z" },
    { url = "https://files.pythonhosted.org/packages/88/85/0bac67d68532b6564ac69b6b17ac92704782b4268dd0fd66f8b4c968d155/fable_library-5.0.0a21-cp313-cp313-musllinux_1_2_x86_64.whl", hash = "sha256:1d46c2697274b52ebfedbdc9f153aa7129ed4388bbb2ba2aa99c9bc1cafccd64", size = 1971099, upload-time = "2025-12-15T16:57:08.194Z" },
    { url = "https://files.pythonhosted.org/packages/db/b9/e8b3ec9dc034c85469d7986221f78046aaddd941e1ff01568cc5d415a8bc/fable_library-5.0.0a21-cp313-cp313-win_amd64.whl", hash = "sha256:03b6c65e4dcf945f2e5b8a74b2df7e7f8208bfef05616b257b450cae6044f12b", size = 1443910, upload-time = "2025-12-15T16:57:22.194Z" },
    { url = "https://files.pythonhosted.org/packages/a2/64/23200e89f196b5e24a6c60187ea4954125a08c9e30709788d0258076084a/fable_library-5.0.0a21-cp313-cp313t-manylinux_2_17_aarch64.manylinux2014_aarch64.whl", hash = "sha256:228558397179770ad02557a1bdaf104bddbbb730663d50f69ab8f66a469ee18a", size = 1685726, upload-time = "2025-12-15T16:55:19.881Z" },
    { url = "https://files.pythonhosted.org/packages/a3/e1/9cc21c3db431cae3452369be399938df2d860a7253a8a5cae762e265dfcf/fable_library-5.0.0a21-cp313-cp313t-manylinux_2_17_armv7l.manylinux2014_armv7l.whl", hash = "sha256:bba9401c1a77df69b5013a773f020b10f7838fec9263647e165e29d017dcea17", size = 1662100, upload-time = "2025-12-15T16:55:32.343Z" },
    { url = "https://files.pythonhosted.org/packages/94/0e/1190547424b120788ac10d665455446209035766e96eed6186d30eb2e8de/fable_library-5.0.0a21-cp313-cp313t-manylinux_2_17_ppc64le.manylinux2014_ppc64le.whl", hash = "sha256:25f93beef3cbb8db1f6a97793465cef1f789e83e751084ad671120d8a666b71a", size = 1880044, upload-time = "2025-12-15T16:55:43.777Z" },
    { url = "https://files.pythonhosted.org/packages/95/ea/9acc3ece8dc82589cd4f4b02df2be7f57e419c9d68fa9d6ece9ca43b6ac4/fable_library-5.0.0a21-cp313-cp313t-manylinux_2_17_s390x.manylinux2014_s390x.whl", hash = "sha256:f664ec1cdc558a6bf8e5647356b22cc0a914de0db73e9cb7235a16d231593349", size = 1803261, upload-time = "2025-12-15T16:55:55.28Z" },
    { url = "https://files.pythonhosted.org/packages/25/60/862dfadcb7cd8598eb3bce85fd3c88bac96d3636f447ee67fefa53804dbc/fable_library-5.0.0a21-cp313-cp313t-musllinux_1_2_aarch64.whl", hash = "sha256:a3535290e9a23dcb1c13c16d2801398438116d72eae2d2979ec84cfb74c1d7f9", size = 1865832, upload-time = "2025-12-15T16:56:34.875Z" },
    { url = "https://files.pythonhosted.org/packages/ea/2f/ee16defe639f9317f0865d7a75e79fc7ac6779751e6ab15e1b4395c73e44/fable_library-5.0.0a21-cp313-cp313t-musllinux_1_2_armv7l.whl", hash = "sha256:571b07c6f88c7fc510de6f02c21bb2722b675b1121f53a193fc089c4f4806d94", size = 1934819, upload-time = "2025-12-15T16:56:46.798Z" },
    { url = "https://files.pythonhosted.org/packages/24/7f/1d028d3819fd14408326383a7a4b6f72b21d232e4969f11ecb67615d1148/fable_library-5.0.0a21-cp313-cp313t-musllinux_1_2_i686.whl", hash = "sha256:ff60f1fe56c838a97b0f98762ba2fb6603f84db55ae2a66487e188c20127e774", size = 1964022, upload-time = "2025-12-15T16:56:58.247Z" },
    { url = "https://files.pythonhosted.org/packages/1a/0c/39a66b15c22d6f0953e4f86bd9152feccffc472be623e92a90369b6f2737/fable_library-5.0.0a21-cp313-cp313t-musllinux_1_2_x86_64.whl", hash = "sha256:8a1288a2a2dbfe1708c0f76dc882cc69590495d140723c3f2b4bf030dab60f16", size = 1975565, upload-time = "2025-12-15T16:57:09.474Z" },
    { url = "https://files.pythonhosted.org/packages/33/dd/f1e70daef771d24298cb89b0b61bd6d880dc4e259c4f58eb99eec92205a4/fable_library-5.0.0a21-cp314-cp314-macosx_10_12_x86_64.whl", hash = "sha256:accc2f6316c8930139aa670a0ac23f87b2bcafb87c8b541ad6384b4c028836c1", size = 1663860, upload-time = "2025-12-15T16:56:26.947Z" },
    { url = "https://files.pythonhosted.org/packages/41/e4/2d318dd6f36c03e40a1d14a61c7583fa96682a515ae56a2d2bff5a27f30a/fable_library-5.0.0a21-cp314-cp314-macosx_11_0_arm64.whl", hash = "sha256:f3ee5298a93143ce4ade9ecbf81abf46aac620378ae8233a14d832a956aca82e", size = 1590274, upload-time = "2025-12-15T16:56:21.54Z" },
    { url = "https://files.pythonhosted.org/packages/4e/5c/c2d53d8e864d1113ee48ad50e5260fbc0643d1d3e0ed41306479892d2f07/fable_library-5.0.0a21-cp314-cp314-manylinux_2_17_aarch64.manylinux2014_aarch64.whl", hash = "sha256:215b9db35b91a424de668e5654f0293418e2158137b969bf472f5a7d4d67d71f", size = 1678348, upload-time = "2025-12-15T16:55:21.599Z" },
    { url = "https://files.pythonhosted.org/packages/37/ee/227759372e728c0aaf121a421ead522ba26d3a01141d9f50245d7a674135/fable_library-5.0.0a21-cp314-cp314-manylinux_2_17_armv7l.manylinux2014_armv7l.whl", hash = "sha256:7c3e4efa2167363af0d6e4e9466ea239b249bd51646c03eca5c9ed5e49915994", size = 1643919, upload-time = "2025-12-15T16:55:33.635Z" },
    { url = "https://files.pythonhosted.org/packages/5b/78/3910761940fa34cd8bf13a1fda7ca1509949661b0d06968f1bf53307fb81/fable_library-5.0.0a21-cp314-cp314-manylinux_2_17_ppc64le.manylinux2014_ppc64le.whl", hash = "sha256:d92f886c089ce2326e46af7b28b1df9b117b19316ae02c9b5f963971d0f6091b", size = 1865150, upload-time = "2025-12-15T16:55:45.138Z" },
    { url = "https://files.pythonhosted.org/packages/12/6b/f1753f2d8ee8ce8b81208e4eb0699cb4f4a61984a1bf5b7a46dc89c63cf5/fable_library-5.0.0a21-cp314-cp314-manylinux_2_17_s390x.manylinux2014_s390x.whl", hash = "sha256:836c8006897fa244461a94f04c4767d785a69f1b326399ce1fa479180c452fa3", size = 1786522, upload-time = "2025-12-15T16:55:56.611Z" },
    { url = "https://files.pythonhosted.org/packages/8a/a3/7d9939c82f216f0b6a2ebfee8a7b4df918c4d2b0fb95608501c1a8e994e5/fable_library-5.0.0a21-cp314-cp314-manylinux_2_17_x86_64.manylinux2014_x86_64.whl", hash = "sha256:3b951bbe9397546d65bf9b1360c912d083105405ceaa2e885189bdf19ee75f0b", size = 1701704, upload-time = "2025-12-15T16:56:14.862Z" },
    { url = "https://files.pythonhosted.org/packages/99/77/521ee201047fe4b98b29f944eb691a731943b417790951d95124fc91bf0e/fable_library-5.0.0a21-cp314-cp314-manylinux_2_5_i686.manylinux1_i686.whl", hash = "sha256:e45e95f60c9bca40af58384c0617065bde8e65708e77f7193c87d77e4596d883", size = 1796899, upload-time = "2025-12-15T16:56:06.143Z" },
    { url = "https://files.pythonhosted.org/packages/52/8d/a77654fcbaedc31449d1ac7d5fed6a510a05958b17c4de7f111add0bb2f8/fable_library-5.0.0a21-cp314-cp314-musllinux_1_2_aarch64.whl", hash = "sha256:fe04a27c1423df748c3b25025412b88e181f9fc2bc5237608baf7ad63e7833ba", size = 1859116, upload-time = "2025-12-15T16:56:36.099Z" },
    { url = "https://files.pythonhosted.org/packages/a2/fa/65b515c333a1d2f788deadda45d96c85879784f6d583b6358a7a8f478bb5/fable_library-5.0.0a21-cp314-cp314-musllinux_1_2_armv7l.whl", hash = "sha256:124b6545eaf5a11a227b6119d4cb9af84b7d0438c5ce08237eca843496577359", size = 1912104, upload-time = "2025-12-15T16:56:48.081Z" },
    { url = "https://files.pythonhosted.org/packages/46/bc/5e5b81d335e237c0bd5acd222c7735ce96dc018576df3962be2a2b7f034c/fable_library-5.0.0a21-cp314-cp314-musllinux_1_2_i686.whl", hash = "sha256:011218cbbee08aa48dd2f756e764f3225ea9b3b33a0c1b6ff6c1c7195f05f174", size = 1947890, upload-time = "2025-12-15T16:56:59.494Z" },
    { url = "https://files.pythonhosted.org/packages/66/6e/c9cb74aa05ab002b7a4ea08cc779806f751e11cc1a051e91725850fb4354/fable_library-5.0.0a21-cp314-cp314-musllinux_1_2_x86_64.whl", hash = "sha256:ef6db0292ff1908a28f439f0daf980b32731b83506f35a68ed2a83aa0fc33b34", size = 1960308, upload-time = "2025-12-15T16:57:11.115Z" },
    { url = "https://files.pythonhosted.org/packages/b1/65/e30cd470316c7e3761d9e71de8b6cefe9b8b92cf176a7e2cc9aae3831554/fable_library-5.0.0a21-cp314-cp314-win32.whl", hash = "sha256:e2ed7dfd4d1a7bcb6725910e98a41603210bd7cb882ac8765c996a1e596b641c", size = 1296054, upload-time = "2025-12-15T16:57:24.756Z" },
    { url = "https://files.pythonhosted.org/packages/38/22/9a2f671451fc8543071b82f61ca17e587257aead8ac4f09a079904eabd53/fable_library-5.0.0a21-cp314-cp314-win_amd64.whl", hash = "sha256:699a3e52a07c0a1499eee5d263f1378f217eea660f98446e1691c536b600e40c", size = 1430173, upload-time = "2025-12-15T16:57:23.448Z" },
    { url = "https://files.pythonhosted.org/packages/6b/09/ce3523dec497043b0e9a0441d5c6ff6e63f04bacccb13cd1dab6d77fb75f/fable_library-5.0.0a21-cp314-cp314t-manylinux_2_17_aarch64.manylinux2014_aarch64.whl", hash = "sha256:63040652d4f85962959aa9a19be84c8252ebbff5346f5da6c467a5205e6938a6", size = 1686402, upload-time = "2025-12-15T16:55:23.381Z" },
    { url = "https://files.pythonhosted.org/packages/61/a1/0e867a6626660746c626524cd1d9d36bf88877f42472f424b4dabded8e0f/fable_library-5.0.0a21-cp314-cp314t-manylinux_2_17_armv7l.manylinux2014_armv7l.whl", hash = "sha256:5577775317cb2b65c75fdc78d85bdbf3ffc233bbbb87010bb5e2ccb4c3ed20eb", size = 1663136, upload-time = "2025-12-15T16:55:35.126Z" },
    { url = "https://files.pythonhosted.org/packages/9c/3f/e8bc08090c0bc880f36511c7f0f22ef2114f2e17fe789df5d9c39eb27b78/fable_library-5.0.0a21-cp314-cp314t-manylinux_2_17_ppc64le.manylinux2014_ppc64le.whl", hash = "sha256:26bfd067f4047e08de1a8611aef3db8a3faf60e8c5d3cfbe39c98ab84ce842f4", size = 1878910, upload-time = "2025-12-15T16:55:46.369Z" },
    { url = "https://files.pythonhosted.org/packages/a6/aa/5122ce7e4d37d6b21ff281701cf2eca9bba5b9c3858c13d11854102355f7/fable_library-5.0.0a21-cp314-cp314t-manylinux_2_17_s390x.manylinux2014_s390x.whl", hash = "sha256:fc9ed260c6d55d4030f51794e4488535cd262bb43e758b6cdd2c6b0247ce5cff", size = 1804657, upload-time = "2025-12-15T16:55:57.912Z" },
    { url = "https://files.pythonhosted.org/packages/5b/cf/0d19a7f1480eb1f92b348eae0391484529d3ee1aa4d0d437536bcdf3ff9c/fable_library-5.0.0a21-cp314-cp314t-musllinux_1_2_aarch64.whl", hash = "sha256:7ce7de39cb95cc206fd08329a3201a9901580df702ab74389033f42a6cf7a87b", size = 1866832, upload-time = "2025-12-15T16:56:37.735Z" },
    { url = "https://files.pythonhosted.org/packages/45/d8/e157856b165bfe92a82f667ca3023c82b99325cbe9ee400eed07f2cb0d69/fable_library-5.0.0a21-cp314-cp314t-musllinux_1_2_armv7l.whl", hash = "sha256:7f3d7471b9968f6d96a861b8e303f6ef2f3d026fc43fc6e3fea405e4621f5c82", size = 1935055, upload-time = "2025-12-15T16:56:49.427Z" },
    { url = "https://files.pythonhosted.org/packages/e6/41/079e5961ec12cb4b6eb65fb81fd115b94c7b4ef4ff01c558070c76e08982/fable_library-5.0.0a21-cp314-cp314t-musllinux_1_2_i686.whl", hash = "sha256:f926ba42a34c30eb2ab049bea4c7a16c1b37258a7be0b4c9dd7eb9674d19784c", size = 1964439, upload-time = "2025-12-15T16:57:00.791Z" },
    { url = "https://files.pythonhosted.org/packages/97/a3/e7e892a9ee688e808c4940dd912f108620e3fb791777345df6c63fd06de0/fable_library-5.0.0a21-cp314-cp314t-musllinux_1_2_x86_64.whl", hash = "sha256:72b34f003778d7952c896aa20eae5bdd575e983d71633c6a44e35753d002c4d2", size = 1976265, upload-time = "2025-12-15T16:57:12.646Z" },
]

[[package]]
name = "thoth-json"
version = "0.1.0"
source = { virtual = "." }
dependencies = [
    { name = "fable-library" },
]

[package.metadata]
requires-dist = [{ name = "fable-library", specifier = "==5.0.0a21" }]
