{
  "version": 2,
  "dependencies": {
    "net6.0": {
      "Fable.Core": {
        "type": "Direct",
        "requested": "[4.1.0, )",
        "resolved": "4.1.0",
        "contentHash": "NISAbAVGEcvH2s+vHLSOCzh98xMYx4aIadWacQdWPcQLploxpSQXLEe9SeszUBhbHa73KMiKREsH4/W3q4A4iA=="
      },
      "Fable.Pyxpecto": {
        "type": "Direct",
        "requested": "[0.1.0, )",
        "resolved": "0.1.0",
        "contentHash": "wsF94gsKM+rjMxPQ6cmRiLJ8ttfQNzN7vPmLWvEKS4ZozleRdVFZy3NZxfvuY9D+lD7j8QfKuUZxcM9jbf8bvQ==",
        "dependencies": {
          "FSharp.Core": "7.0.300",
          "Fable.Core": "4.0.0",
          "Fable.Python": "4.1.3"
        }
      },
      "FSharp.Core": {
        "type": "Direct",
        "requested": "[4.7.2, )",
        "resolved": "4.7.2",
        "contentHash": "w3XFVTnyZUbC8e2QT6a85ern6y7eQPPk+MYemz1FP0iBfgZcembL+wmo5cIZ1kxB8jfoXC8Q9KVkOMsGpkBKbA=="
      },
      "thoth.json.core": {
        "type": "Project",
        "dependencies": {
          "FSharp.Core": "[4.7.2, )",
          "Fable.Core": "[4.1.0, )"
        }
      },
      "thoth.json.python": {
        "type": "Project",
        "dependencies": {
          "FSharp.Core": "[4.7.2, )",
          "Fable.Core": "[4.1.0, )",
          "Fable.Python": "[4.3.0, )",
          "Thoth.Json.Core": "[1.0.0, )"
        }
      },
      "thoth.json.tests": {
        "type": "Project",
        "dependencies": {
          "FSharp.Core": "[4.7.2, )",
          "Fable.Core": "[4.1.0, )",
          "Thoth.Json.Core": "[1.0.0, )"
        }
      },
      "Fable.Python": {
        "type": "CentralTransitive",
        "requested": "[4.3.0, )",
        "resolved": "4.3.0",
        "contentHash": "KT5PI4NyMtVLDcmDkf5SeqwtFjVO17u27xr45qXfYWG12UePHxGjQJoI16OafIzlEQ6cHfAuRljhZGKIlvOJNQ==",
        "dependencies": {
          "FSharp.Core": "4.7.2",
          "Fable.Core": "[4.1.0, 5.0.0)"
        }
      }
    }
  }
}