{
  "version": 2,
  "dependencies": {
    "net6.0": {
      "Fable.Core": {
        "type": "Direct",
        "requested": "[4.1.0, )",
        "resolved": "4.1.0",
        "contentHash": "NISAbAVGEcvH2s+vHLSOCzh98xMYx4aIadWacQdWPcQLploxpSQXLEe9SeszUBhbHa73KMiKREsH4/W3q4A4iA=="
      },
      "FSharp.Core": {
        "type": "Direct",
        "requested": "[5.0.0, )",
        "resolved": "5.0.0",
        "contentHash": "iHoYXA0VaSQUONGENB1aVafjDDZDZpwu39MtaRCTrmwFW/cTcK0b2yKNVYneFHJMc3ChtsSoM9lNtJ1dYXkHfA=="
      },
      "Newtonsoft.Json": {
        "type": "Direct",
        "requested": "[13.0.1, )",
        "resolved": "13.0.1",
        "contentHash": "ppPFpBcvxdsfUonNcvITKqLl3bqxWbDCZIzDWHzjpdAHRFfZe0Dw9HmA0+za13IdyrgJwpkDTDA9fHaxOrt20A=="
      },
      "prototype.shared": {
        "type": "Project",
        "dependencies": {
          "FSharp.Core": "[5.0.0, )",
          "Fable.Core": "[4.1.0, )",
          "Thoth.Json.Core": "[1.0.0, )"
        }
      },
      "thoth.json.core": {
        "type": "Project",
        "dependencies": {
          "FSharp.Core": "[5.0.0, )",
          "Fable.Core": "[4.1.0, )"
        }
      },
      "thoth.json.newtonsoft": {
        "type": "Project",
        "dependencies": {
          "FSharp.Core": "[5.0.0, )",
          "Fable.Core": "[4.1.0, )",
          "Newtonsoft.Json": "[13.0.1, )",
          "Thoth.Json.Core": "[1.0.0, )"
        }
      }
    }
  }
}